// !$*UTF8*$!
{
	archiveVersion = 1;
	classes = {
	};
	objectVersion = 46;
	objects = {

/* Begin PBXBuildFile section */
		5FDB33071705CB950049EBB5 /* Cocoa.framework in Frameworks */ = {isa = PBXBuildFile; fileRef = 5FDB33061705CB950049EBB5 /* Cocoa.framework */; };
		5FDB33111705CB950049EBB5 /* InfoPlist.strings in Resources */ = {isa = PBXBuildFile; fileRef = 5FDB330F1705CB950049EBB5 /* InfoPlist.strings */; };
		5FDB33151705CB950049EBB5 /* Cushion.m in Sources */ = {isa = PBXBuildFile; fileRef = 5FDB33141705CB950049EBB5 /* Cushion.m */; };
		5FDB331D1705CB950049EBB5 /* SenTestingKit.framework in Frameworks */ = {isa = PBXBuildFile; fileRef = 5FDB331C1705CB950049EBB5 /* SenTestingKit.framework */; };
		5FDB331E1705CB950049EBB5 /* Cocoa.framework in Frameworks */ = {isa = PBXBuildFile; fileRef = 5FDB33061705CB950049EBB5 /* Cocoa.framework */; };
		5FDB33211705CB950049EBB5 /* Cushion.framework in Frameworks */ = {isa = PBXBuildFile; fileRef = 5FDB33031705CB950049EBB5 /* Cushion.framework */; };
		5FDB33271705CB950049EBB5 /* InfoPlist.strings in Resources */ = {isa = PBXBuildFile; fileRef = 5FDB33251705CB950049EBB5 /* InfoPlist.strings */; };
		5FDB332A1705CB950049EBB5 /* CushionTests.m in Sources */ = {isa = PBXBuildFile; fileRef = 5FDB33291705CB950049EBB5 /* CushionTests.m */; };
/* End PBXBuildFile section */

/* Begin PBXContainerItemProxy section */
		5FDB331F1705CB950049EBB5 /* PBXContainerItemProxy */ = {
			isa = PBXContainerItemProxy;
			containerPortal = 5FDB32F91705CB950049EBB5 /* Project object */;
			proxyType = 1;
			remoteGlobalIDString = 5FDB33021705CB950049EBB5;
			remoteInfo = Cushion;
		};
/* End PBXContainerItemProxy section */

/* Begin PBXFileReference section */
		5FDB33031705CB950049EBB5 /* Cushion.framework */ = {isa = PBXFileReference; explicitFileType = wrapper.framework; includeInIndex = 0; path = Cushion.framework; sourceTree = BUILT_PRODUCTS_DIR; };
		5FDB33061705CB950049EBB5 /* Cocoa.framework */ = {isa = PBXFileReference; lastKnownFileType = wrapper.framework; name = Cocoa.framework; path = System/Library/Frameworks/Cocoa.framework; sourceTree = SDKROOT; };
		5FDB33091705CB950049EBB5 /* AppKit.framework */ = {isa = PBXFileReference; lastKnownFileType = wrapper.framework; name = AppKit.framework; path = System/Library/Frameworks/AppKit.framework; sourceTree = SDKROOT; };
		5FDB330A1705CB950049EBB5 /* CoreData.framework */ = {isa = PBXFileReference; lastKnownFileType = wrapper.framework; name = CoreData.framework; path = System/Library/Frameworks/CoreData.framework; sourceTree = SDKROOT; };
		5FDB330B1705CB950049EBB5 /* Foundation.framework */ = {isa = PBXFileReference; lastKnownFileType = wrapper.framework; name = Foundation.framework; path = System/Library/Frameworks/Foundation.framework; sourceTree = SDKROOT; };
		5FDB330E1705CB950049EBB5 /* Cushion-Info.plist */ = {isa = PBXFileReference; lastKnownFileType = text.plist.xml; path = "Cushion-Info.plist"; sourceTree = "<group>"; };
		5FDB33101705CB950049EBB5 /* en */ = {isa = PBXFileReference; lastKnownFileType = text.plist.strings; name = en; path = en.lproj/InfoPlist.strings; sourceTree = "<group>"; };
		5FDB33121705CB950049EBB5 /* Cushion-Prefix.pch */ = {isa = PBXFileReference; lastKnownFileType = sourcecode.c.h; path = "Cushion-Prefix.pch"; sourceTree = "<group>"; };
		5FDB33131705CB950049EBB5 /* Cushion.h */ = {isa = PBXFileReference; lastKnownFileType = sourcecode.c.h; path = Cushion.h; sourceTree = "<group>"; };
		5FDB33141705CB950049EBB5 /* Cushion.m */ = {isa = PBXFileReference; lastKnownFileType = sourcecode.c.objc; path = Cushion.m; sourceTree = "<group>"; };
		5FDB331B1705CB950049EBB5 /* CushionTests.octest */ = {isa = PBXFileReference; explicitFileType = wrapper.cfbundle; includeInIndex = 0; path = CushionTests.octest; sourceTree = BUILT_PRODUCTS_DIR; };
		5FDB331C1705CB950049EBB5 /* SenTestingKit.framework */ = {isa = PBXFileReference; lastKnownFileType = wrapper.framework; name = SenTestingKit.framework; path = Library/Frameworks/SenTestingKit.framework; sourceTree = DEVELOPER_DIR; };
		5FDB33241705CB950049EBB5 /* CushionTests-Info.plist */ = {isa = PBXFileReference; lastKnownFileType = text.plist.xml; path = "CushionTests-Info.plist"; sourceTree = "<group>"; };
		5FDB33261705CB950049EBB5 /* en */ = {isa = PBXFileReference; lastKnownFileType = text.plist.strings; name = en; path = en.lproj/InfoPlist.strings; sourceTree = "<group>"; };
		5FDB33281705CB950049EBB5 /* CushionTests.h */ = {isa = PBXFileReference; lastKnownFileType = sourcecode.c.h; path = CushionTests.h; sourceTree = "<group>"; };
		5FDB33291705CB950049EBB5 /* CushionTests.m */ = {isa = PBXFileReference; lastKnownFileType = sourcecode.c.objc; path = CushionTests.m; sourceTree = "<group>"; };
/* End PBXFileReference section */

/* Begin PBXFrameworksBuildPhase section */
		5FDB32FF1705CB950049EBB5 /* Frameworks */ = {
			isa = PBXFrameworksBuildPhase;
			buildActionMask = 2147483647;
			files = (
				5FDB33071705CB950049EBB5 /* Cocoa.framework in Frameworks */,
			);
			runOnlyForDeploymentPostprocessing = 0;
		};
		5FDB33171705CB950049EBB5 /* Frameworks */ = {
			isa = PBXFrameworksBuildPhase;
			buildActionMask = 2147483647;
			files = (
				5FDB331D1705CB950049EBB5 /* SenTestingKit.framework in Frameworks */,
				5FDB331E1705CB950049EBB5 /* Cocoa.framework in Frameworks */,
				5FDB33211705CB950049EBB5 /* Cushion.framework in Frameworks */,
			);
			runOnlyForDeploymentPostprocessing = 0;
		};
/* End PBXFrameworksBuildPhase section */

/* Begin PBXGroup section */
		5FDB32F71705CB950049EBB5 = {
			isa = PBXGroup;
			children = (
				5FDB330C1705CB950049EBB5 /* Cushion */,
				5FDB33221705CB950049EBB5 /* CushionTests */,
				5FDB33051705CB950049EBB5 /* Frameworks */,
				5FDB33041705CB950049EBB5 /* Products */,
			);
			sourceTree = "<group>";
		};
		5FDB33041705CB950049EBB5 /* Products */ = {
			isa = PBXGroup;
			children = (
				5FDB33031705CB950049EBB5 /* Cushion.framework */,
				5FDB331B1705CB950049EBB5 /* CushionTests.octest */,
			);
			name = Products;
			sourceTree = "<group>";
		};
		5FDB33051705CB950049EBB5 /* Frameworks */ = {
			isa = PBXGroup;
			children = (
				5FDB33061705CB950049EBB5 /* Cocoa.framework */,
				5FDB331C1705CB950049EBB5 /* SenTestingKit.framework */,
				5FDB33081705CB950049EBB5 /* Other Frameworks */,
			);
			name = Frameworks;
			sourceTree = "<group>";
		};
		5FDB33081705CB950049EBB5 /* Other Frameworks */ = {
			isa = PBXGroup;
			children = (
				5FDB33091705CB950049EBB5 /* AppKit.framework */,
				5FDB330A1705CB950049EBB5 /* CoreData.framework */,
				5FDB330B1705CB950049EBB5 /* Foundation.framework */,
			);
			name = "Other Frameworks";
			sourceTree = "<group>";
		};
		5FDB330C1705CB950049EBB5 /* Cushion */ = {
			isa = PBXGroup;
			children = (
				5FDB33131705CB950049EBB5 /* Cushion.h */,
				5FDB33141705CB950049EBB5 /* Cushion.m */,
				5FDB330D1705CB950049EBB5 /* Supporting Files */,
			);
			path = Cushion;
			sourceTree = "<group>";
		};
		5FDB330D1705CB950049EBB5 /* Supporting Files */ = {
			isa = PBXGroup;
			children = (
				5FDB330E1705CB950049EBB5 /* Cushion-Info.plist */,
				5FDB330F1705CB950049EBB5 /* InfoPlist.strings */,
				5FDB33121705CB950049EBB5 /* Cushion-Prefix.pch */,
			);
			name = "Supporting Files";
			sourceTree = "<group>";
		};
		5FDB33221705CB950049EBB5 /* CushionTests */ = {
			isa = PBXGroup;
			children = (
				5FDB33281705CB950049EBB5 /* CushionTests.h */,
				5FDB33291705CB950049EBB5 /* CushionTests.m */,
				5FDB33231705CB950049EBB5 /* Supporting Files */,
			);
			path = CushionTests;
			sourceTree = "<group>";
		};
		5FDB33231705CB950049EBB5 /* Supporting Files */ = {
			isa = PBXGroup;
			children = (
				5FDB33241705CB950049EBB5 /* CushionTests-Info.plist */,
				5FDB33251705CB950049EBB5 /* InfoPlist.strings */,
			);
			name = "Supporting Files";
			sourceTree = "<group>";
		};
/* End PBXGroup section */

/* Begin PBXHeadersBuildPhase section */
		5FDB33001705CB950049EBB5 /* Headers */ = {
			isa = PBXHeadersBuildPhase;
			buildActionMask = 2147483647;
			files = (
			);
			runOnlyForDeploymentPostprocessing = 0;
		};
/* End PBXHeadersBuildPhase section */

/* Begin PBXNativeTarget section */
		5FDB33021705CB950049EBB5 /* Cushion */ = {
			isa = PBXNativeTarget;
			buildConfigurationList = 5FDB332D1705CB950049EBB5 /* Build configuration list for PBXNativeTarget "Cushion" */;
			buildPhases = (
				5FDB32FE1705CB950049EBB5 /* Sources */,
				5FDB32FF1705CB950049EBB5 /* Frameworks */,
				5FDB33001705CB950049EBB5 /* Headers */,
				5FDB33011705CB950049EBB5 /* Resources */,
			);
			buildRules = (
			);
			dependencies = (
			);
			name = Cushion;
			productName = Cushion;
			productReference = 5FDB33031705CB950049EBB5 /* Cushion.framework */;
			productType = "com.apple.product-type.framework";
		};
		5FDB331A1705CB950049EBB5 /* CushionTests */ = {
			isa = PBXNativeTarget;
			buildConfigurationList = 5FDB33301705CB950049EBB5 /* Build configuration list for PBXNativeTarget "CushionTests" */;
			buildPhases = (
				5FDB33161705CB950049EBB5 /* Sources */,
				5FDB33171705CB950049EBB5 /* Frameworks */,
				5FDB33181705CB950049EBB5 /* Resources */,
				5FDB33191705CB950049EBB5 /* ShellScript */,
			);
			buildRules = (
			);
			dependencies = (
				5FDB33201705CB950049EBB5 /* PBXTargetDependency */,
			);
			name = CushionTests;
			productName = CushionTests;
			productReference = 5FDB331B1705CB950049EBB5 /* CushionTests.octest */;
			productType = "com.apple.product-type.bundle";
		};
/* End PBXNativeTarget section */

/* Begin PBXProject section */
		5FDB32F91705CB950049EBB5 /* Project object */ = {
			isa = PBXProject;
			attributes = {
				LastUpgradeCheck = 0450;
				ORGANIZATIONNAME = "Matias Piipari";
			};
			buildConfigurationList = 5FDB32FC1705CB950049EBB5 /* Build configuration list for PBXProject "Cushion" */;
			compatibilityVersion = "Xcode 3.2";
			developmentRegion = English;
			hasScannedForEncodings = 0;
			knownRegions = (
				en,
			);
			mainGroup = 5FDB32F71705CB950049EBB5;
			productRefGroup = 5FDB33041705CB950049EBB5 /* Products */;
			projectDirPath = "";
			projectRoot = "";
			targets = (
				5FDB33021705CB950049EBB5 /* Cushion */,
				5FDB331A1705CB950049EBB5 /* CushionTests */,
			);
		};
/* End PBXProject section */

/* Begin PBXResourcesBuildPhase section */
		5FDB33011705CB950049EBB5 /* Resources */ = {
			isa = PBXResourcesBuildPhase;
			buildActionMask = 2147483647;
			files = (
				5FDB33111705CB950049EBB5 /* InfoPlist.strings in Resources */,
			);
			runOnlyForDeploymentPostprocessing = 0;
		};
		5FDB33181705CB950049EBB5 /* Resources */ = {
			isa = PBXResourcesBuildPhase;
			buildActionMask = 2147483647;
			files = (
				5FDB33271705CB950049EBB5 /* InfoPlist.strings in Resources */,
			);
			runOnlyForDeploymentPostprocessing = 0;
		};
/* End PBXResourcesBuildPhase section */

/* Begin PBXShellScriptBuildPhase section */
		5FDB33191705CB950049EBB5 /* ShellScript */ = {
			isa = PBXShellScriptBuildPhase;
			buildActionMask = 2147483647;
			files = (
			);
			inputPaths = (
			);
			outputPaths = (
			);
			runOnlyForDeploymentPostprocessing = 0;
			shellPath = /bin/sh;
			shellScript = "# Run the unit tests in this test bundle.\n\"${SYSTEM_DEVELOPER_DIR}/Tools/RunUnitTests\"\n";
		};
/* End PBXShellScriptBuildPhase section */

/* Begin PBXSourcesBuildPhase section */
		5FDB32FE1705CB950049EBB5 /* Sources */ = {
			isa = PBXSourcesBuildPhase;
			buildActionMask = 2147483647;
			files = (
				5FDB33151705CB950049EBB5 /* Cushion.m in Sources */,
			);
			runOnlyForDeploymentPostprocessing = 0;
		};
		5FDB33161705CB950049EBB5 /* Sources */ = {
			isa = PBXSourcesBuildPhase;
			buildActionMask = 2147483647;
			files = (
				5FDB332A1705CB950049EBB5 /* CushionTests.m in Sources */,
			);
			runOnlyForDeploymentPostprocessing = 0;
		};
/* End PBXSourcesBuildPhase section */

/* Begin PBXTargetDependency section */
		5FDB33201705CB950049EBB5 /* PBXTargetDependency */ = {
			isa = PBXTargetDependency;
			target = 5FDB33021705CB950049EBB5 /* Cushion */;
			targetProxy = 5FDB331F1705CB950049EBB5 /* PBXContainerItemProxy */;
		};
/* End PBXTargetDependency section */

/* Begin PBXVariantGroup section */
		5FDB330F1705CB950049EBB5 /* InfoPlist.strings */ = {
			isa = PBXVariantGroup;
			children = (
				5FDB33101705CB950049EBB5 /* en */,
			);
			name = InfoPlist.strings;
			sourceTree = "<group>";
		};
		5FDB33251705CB950049EBB5 /* InfoPlist.strings */ = {
			isa = PBXVariantGroup;
			children = (
				5FDB33261705CB950049EBB5 /* en */,
			);
			name = InfoPlist.strings;
			sourceTree = "<group>";
		};
/* End PBXVariantGroup section */

/* Begin XCBuildConfiguration section */
		5FDB332B1705CB950049EBB5 /* Debug */ = {
			isa = XCBuildConfiguration;
			buildSettings = {
				ALWAYS_SEARCH_USER_PATHS = NO;
				ARCHS = "$(ARCHS_STANDARD_64_BIT)";
				CLANG_CXX_LANGUAGE_STANDARD = "gnu++0x";
				CLANG_CXX_LIBRARY = "libc++";
				CLANG_ENABLE_OBJC_ARC = YES;
				CLANG_WARN_EMPTY_BODY = YES;
				CLANG_WARN__DUPLICATE_METHOD_MATCH = YES;
				COPY_PHASE_STRIP = NO;
				GCC_C_LANGUAGE_STANDARD = gnu99;
				GCC_DYNAMIC_NO_PIC = NO;
				GCC_ENABLE_OBJC_EXCEPTIONS = YES;
				GCC_OPTIMIZATION_LEVEL = 0;
				GCC_PREPROCESSOR_DEFINITIONS = (
					"DEBUG=1",
					"$(inherited)",
				);
				GCC_SYMBOLS_PRIVATE_EXTERN = NO;
				GCC_WARN_64_TO_32_BIT_CONVERSION = YES;
				GCC_WARN_ABOUT_RETURN_TYPE = YES;
				GCC_WARN_UNINITIALIZED_AUTOS = YES;
				GCC_WARN_UNUSED_VARIABLE = YES;
				MACOSX_DEPLOYMENT_TARGET = 10.7;
				ONLY_ACTIVE_ARCH = YES;
				SDKROOT = macosx;
			};
			name = Debug;
		};
		5FDB332C1705CB950049EBB5 /* Release */ = {
			isa = XCBuildConfiguration;
			buildSettings = {
				ALWAYS_SEARCH_USER_PATHS = NO;
				ARCHS = "$(ARCHS_STANDARD_64_BIT)";
				CLANG_CXX_LANGUAGE_STANDARD = "gnu++0x";
				CLANG_CXX_LIBRARY = "libc++";
				CLANG_ENABLE_OBJC_ARC = YES;
				CLANG_WARN_EMPTY_BODY = YES;
				CLANG_WARN__DUPLICATE_METHOD_MATCH = YES;
				COPY_PHASE_STRIP = YES;
				DEBUG_INFORMATION_FORMAT = "dwarf-with-dsym";
				GCC_C_LANGUAGE_STANDARD = gnu99;
				GCC_ENABLE_OBJC_EXCEPTIONS = YES;
				GCC_WARN_64_TO_32_BIT_CONVERSION = YES;
				GCC_WARN_ABOUT_RETURN_TYPE = YES;
				GCC_WARN_UNINITIALIZED_AUTOS = YES;
				GCC_WARN_UNUSED_VARIABLE = YES;
				MACOSX_DEPLOYMENT_TARGET = 10.7;
				SDKROOT = macosx;
			};
			name = Release;
		};
		5FDB332E1705CB950049EBB5 /* Debug */ = {
			isa = XCBuildConfiguration;
			buildSettings = {
				COMBINE_HIDPI_IMAGES = YES;
				DYLIB_COMPATIBILITY_VERSION = 1;
				DYLIB_CURRENT_VERSION = 1;
				FRAMEWORK_VERSION = A;
				GCC_PRECOMPILE_PREFIX_HEADER = YES;
				GCC_PREFIX_HEADER = "Cushion/Cushion-Prefix.pch";
				INFOPLIST_FILE = "Cushion/Cushion-Info.plist";
				PRODUCT_NAME = "$(TARGET_NAME)";
				WRAPPER_EXTENSION = framework;
			};
			name = Debug;
		};
		5FDB332F1705CB950049EBB5 /* Release */ = {
			isa = XCBuildConfiguration;
			buildSettings = {
				COMBINE_HIDPI_IMAGES = YES;
				DYLIB_COMPATIBILITY_VERSION = 1;
				DYLIB_CURRENT_VERSION = 1;
				FRAMEWORK_VERSION = A;
				GCC_PRECOMPILE_PREFIX_HEADER = YES;
				GCC_PREFIX_HEADER = "Cushion/Cushion-Prefix.pch";
				INFOPLIST_FILE = "Cushion/Cushion-Info.plist";
				PRODUCT_NAME = "$(TARGET_NAME)";
				WRAPPER_EXTENSION = framework;
			};
			name = Release;
		};
		5FDB33311705CB950049EBB5 /* Debug */ = {
			isa = XCBuildConfiguration;
			buildSettings = {
				COMBINE_HIDPI_IMAGES = YES;
				FRAMEWORK_SEARCH_PATHS = "\"$(DEVELOPER_LIBRARY_DIR)/Frameworks\"";
				GCC_PRECOMPILE_PREFIX_HEADER = YES;
				GCC_PREFIX_HEADER = "Cushion/Cushion-Prefix.pch";
				INFOPLIST_FILE = "CushionTests/CushionTests-Info.plist";
				PRODUCT_NAME = "$(TARGET_NAME)";
				WRAPPER_EXTENSION = octest;
			};
			name = Debug;
		};
		5FDB33321705CB950049EBB5 /* Release */ = {
			isa = XCBuildConfiguration;
			buildSettings = {
				COMBINE_HIDPI_IMAGES = YES;
				FRAMEWORK_SEARCH_PATHS = "\"$(DEVELOPER_LIBRARY_DIR)/Frameworks\"";
				GCC_PRECOMPILE_PREFIX_HEADER = YES;
				GCC_PREFIX_HEADER = "Cushion/Cushion-Prefix.pch";
				INFOPLIST_FILE = "CushionTests/CushionTests-Info.plist";
				PRODUCT_NAME = "$(TARGET_NAME)";
				WRAPPER_EXTENSION = octest;
			};
			name = Release;
		};
/* End XCBuildConfiguration section */

/* Begin XCConfigurationList section */
		5FDB32FC1705CB950049EBB5 /* Build configuration list for PBXProject "Cushion" */ = {
			isa = XCConfigurationList;
			buildConfigurations = (
				5FDB332B1705CB950049EBB5 /* Debug */,
				5FDB332C1705CB950049EBB5 /* Release */,
			);
			defaultConfigurationIsVisible = 0;
			defaultConfigurationName = Release;
		};
		5FDB332D1705CB950049EBB5 /* Build configuration list for PBXNativeTarget "Cushion" */ = {
			isa = XCConfigurationList;
			buildConfigurations = (
				5FDB332E1705CB950049EBB5 /* Debug */,
				5FDB332F1705CB950049EBB5 /* Release */,
			);
			defaultConfigurationIsVisible = 0;
		};
		5FDB33301705CB950049EBB5 /* Build configuration list for PBXNativeTarget "CushionTests" */ = {
			isa = XCConfigurationList;
			buildConfigurations = (
				5FDB33311705CB950049EBB5 /* Debug */,
				5FDB33321705CB950049EBB5 /* Release */,
			);
			defaultConfigurationIsVisible = 0;
		};
/* End XCConfigurationList section */
	};
	rootObject = 5FDB32F91705CB950049EBB5 /* Project object */;
}
