{
  "object": {
    "pins": [
      {
        "package": "MPRateLimiter",
        "repositoryURL": "https://github.com/mpapp/MPRateLimiter",
        "state": {
          "branch": null,
          "revision": "d3335e4a7feaeb851e427463255449acb9551735",
          "version": "1.2.0"
        }
      }
    ]
  },
  "version": 1
}
