// !$*UTF8*$!
{
	archiveVersion = 1;
	classes = {
	};
	objectVersion = 46;
	objects = {

/* Begin PBXBuildFile section */
		5F1850261711707800079040 /* MPExtensions.h in Headers */ = {isa = PBXBuildFile; fileRef = 5F1850241711707800079040 /* MPExtensions.h */; settings = {ATTRIBUTES = (Public, ); }; };
		5F18505E1711B13900079040 /* MPEmbeddedObject+Protected.h in Headers */ = {isa = PBXBuildFile; fileRef = 5F293C20170E45D4001C2111 /* MPEmbeddedObject+Protected.h */; settings = {ATTRIBUTES = (Public, ); }; };
		5F28A032170A3310000D61B6 /* NSApplication+MPExtensions.h in Headers */ = {isa = PBXBuildFile; fileRef = 5F28A030170A3310000D61B6 /* NSApplication+MPExtensions.h */; settings = {ATTRIBUTES = (Public, ); }; };
		5F28A033170A3310000D61B6 /* NSApplication+MPExtensions.m in Sources */ = {isa = PBXBuildFile; fileRef = 5F28A031170A3310000D61B6 /* NSApplication+MPExtensions.m */; };
		5F293B9B170CAD65001C2111 /* MPCacheableMixin.h in Headers */ = {isa = PBXBuildFile; fileRef = 5F293B99170CAD65001C2111 /* MPCacheableMixin.h */; settings = {ATTRIBUTES = (Public, ); }; };
		5F293B9C170CAD65001C2111 /* MPCacheableMixin.m in Sources */ = {isa = PBXBuildFile; fileRef = 5F293B9A170CAD65001C2111 /* MPCacheableMixin.m */; };
		5F293B9D170CAD8C001C2111 /* MPCacheable.h in Headers */ = {isa = PBXBuildFile; fileRef = 5F293B85170CAD53001C2111 /* MPCacheable.h */; settings = {ATTRIBUTES = (Public, ); }; };
		5F293BA0170CAECC001C2111 /* MPEmbeddedObject.h in Headers */ = {isa = PBXBuildFile; fileRef = 5F293B9E170CAECC001C2111 /* MPEmbeddedObject.h */; settings = {ATTRIBUTES = (Public, ); }; };
		5F293BA1170CAECC001C2111 /* MPEmbeddedObject.m in Sources */ = {isa = PBXBuildFile; fileRef = 5F293B9F170CAECC001C2111 /* MPEmbeddedObject.m */; };
		5F293BF5170DFD4E001C2111 /* UICKeyChainStore.h in Headers */ = {isa = PBXBuildFile; fileRef = 5F293BF3170DFD4E001C2111 /* UICKeyChainStore.h */; };
		5F293BF6170DFD4E001C2111 /* UICKeyChainStore.m in Sources */ = {isa = PBXBuildFile; fileRef = 5F293BF4170DFD4E001C2111 /* UICKeyChainStore.m */; settings = {COMPILER_FLAGS = "-fno-objc-arc"; }; };
		5F293BF8170DFD77001C2111 /* Security.framework in Frameworks */ = {isa = PBXBuildFile; fileRef = 5F293BF7170DFD77001C2111 /* Security.framework */; };
		5F293C00170E1935001C2111 /* MPExtensionTests.m in Sources */ = {isa = PBXBuildFile; fileRef = 5F293BFD170E191F001C2111 /* MPExtensionTests.m */; };
		5F293C07170E2980001C2111 /* MPEmbeddedObjectsTests.m in Sources */ = {isa = PBXBuildFile; fileRef = 5F293C06170E2980001C2111 /* MPEmbeddedObjectsTests.m */; };
		5F293C1F170E3B62001C2111 /* MPPlaceHolding.h in Headers */ = {isa = PBXBuildFile; fileRef = 5F293C1E170E3B62001C2111 /* MPPlaceHolding.h */; settings = {ATTRIBUTES = (Public, ); }; };
		5F3D380A1725D8A600D19D7C /* MPCategorizableMixin.h in Headers */ = {isa = PBXBuildFile; fileRef = 5F3D38081725D8A600D19D7C /* MPCategorizableMixin.h */; settings = {ATTRIBUTES = (Public, ); }; };
		5F3D380B1725D8A600D19D7C /* MPCategorizableMixin.m in Sources */ = {isa = PBXBuildFile; fileRef = 5F3D38091725D8A600D19D7C /* MPCategorizableMixin.m */; };
		5F3D380E1725D8E000D19D7C /* MPBundlableMixin.h in Headers */ = {isa = PBXBuildFile; fileRef = 5F3D380C1725D8E000D19D7C /* MPBundlableMixin.h */; settings = {ATTRIBUTES = (Public, ); }; };
		5F3D380F1725D8E000D19D7C /* MPBundlableMixin.m in Sources */ = {isa = PBXBuildFile; fileRef = 5F3D380D1725D8E000D19D7C /* MPBundlableMixin.m */; };
		5F73DEA7170C6BA300DC411A /* MPShoeboxPackageController+Protected.h in Headers */ = {isa = PBXBuildFile; fileRef = 5F73DEA6170C6B6700DC411A /* MPShoeboxPackageController+Protected.h */; settings = {ATTRIBUTES = (Public, ); }; };
		5FCC021F170C14D80091BEAC /* NSArray+MPManagedObjectExtensions.h in Headers */ = {isa = PBXBuildFile; fileRef = 5FCC021D170C14D80091BEAC /* NSArray+MPManagedObjectExtensions.h */; settings = {ATTRIBUTES = (Public, ); }; };
		5FCC0220170C14D80091BEAC /* NSArray+MPManagedObjectExtensions.m in Sources */ = {isa = PBXBuildFile; fileRef = 5FCC021E170C14D80091BEAC /* NSArray+MPManagedObjectExtensions.m */; };
		5FDB33071705CB950049EBB5 /* Cocoa.framework in Frameworks */ = {isa = PBXBuildFile; fileRef = 5FDB33061705CB950049EBB5 /* Cocoa.framework */; };
		5FDB33111705CB950049EBB5 /* InfoPlist.strings in Resources */ = {isa = PBXBuildFile; fileRef = 5FDB330F1705CB950049EBB5 /* InfoPlist.strings */; };
		5FDB331D1705CB950049EBB5 /* SenTestingKit.framework in Frameworks */ = {isa = PBXBuildFile; fileRef = 5FDB331C1705CB950049EBB5 /* SenTestingKit.framework */; };
		5FDB331E1705CB950049EBB5 /* Cocoa.framework in Frameworks */ = {isa = PBXBuildFile; fileRef = 5FDB33061705CB950049EBB5 /* Cocoa.framework */; };
		5FDB33211705CB950049EBB5 /* Feather.framework in Frameworks */ = {isa = PBXBuildFile; fileRef = 5FDB33031705CB950049EBB5 /* Feather.framework */; };
		5FDB33271705CB950049EBB5 /* InfoPlist.strings in Resources */ = {isa = PBXBuildFile; fileRef = 5FDB33251705CB950049EBB5 /* InfoPlist.strings */; };
		5FDB332A1705CB950049EBB5 /* MPFeatherTestSuite.m in Sources */ = {isa = PBXBuildFile; fileRef = 5FDB33291705CB950049EBB5 /* MPFeatherTestSuite.m */; };
		5FDB33921705CCAF0049EBB5 /* TouchDB.framework in Frameworks */ = {isa = PBXBuildFile; fileRef = 5FDB33771705CC960049EBB5 /* TouchDB.framework */; };
		5FDB33C31705CF260049EBB5 /* libcommonCrypto.dylib in Frameworks */ = {isa = PBXBuildFile; fileRef = 5FDB33C21705CF260049EBB5 /* libcommonCrypto.dylib */; };
		5FDB33D41705D0DA0049EBB5 /* RegexKitLite.h in Headers */ = {isa = PBXBuildFile; fileRef = 5FDB33D21705D0D90049EBB5 /* RegexKitLite.h */; };
		5FDB33D51705D0DA0049EBB5 /* RegexKitLite.m in Sources */ = {isa = PBXBuildFile; fileRef = 5FDB33D31705D0D90049EBB5 /* RegexKitLite.m */; settings = {COMPILER_FLAGS = "-fno-objc-arc -w"; }; };
		5FDB33D81705D1380049EBB5 /* libicucore.dylib in Frameworks */ = {isa = PBXBuildFile; fileRef = 5FDB33D71705D1380049EBB5 /* libicucore.dylib */; };
		5FDB34381705D90A0049EBB5 /* Mixin.h in Headers */ = {isa = PBXBuildFile; fileRef = 5FDB34361705D90A0049EBB5 /* Mixin.h */; };
		5FDB34391705D90A0049EBB5 /* Mixin.m in Sources */ = {isa = PBXBuildFile; fileRef = 5FDB34371705D90A0049EBB5 /* Mixin.m */; };
		5FDB34541705DB570049EBB5 /* JSONKit.h in Headers */ = {isa = PBXBuildFile; fileRef = 5FDB34521705DB570049EBB5 /* JSONKit.h */; };
		5FDB34551705DB570049EBB5 /* JSONKit.m in Sources */ = {isa = PBXBuildFile; fileRef = 5FDB34531705DB570049EBB5 /* JSONKit.m */; settings = {COMPILER_FLAGS = "-fno-objc-arc"; }; };
		5FDB34A31705DCEC0049EBB5 /* TouchDBListener.framework in Frameworks */ = {isa = PBXBuildFile; fileRef = 5FDB33791705CC960049EBB5 /* TouchDBListener.framework */; };
		5FDB3819170702470049EBB5 /* NSError+MPExtensions.h in Headers */ = {isa = PBXBuildFile; fileRef = 5FDB3817170702470049EBB5 /* NSError+MPExtensions.h */; settings = {ATTRIBUTES = (Public, ); }; };
		5FDB381A170702470049EBB5 /* NSError+MPExtensions.m in Sources */ = {isa = PBXBuildFile; fileRef = 5FDB3818170702470049EBB5 /* NSError+MPExtensions.m */; };
		5FDB381D170702650049EBB5 /* NSString+MPExtensions.h in Headers */ = {isa = PBXBuildFile; fileRef = 5FDB381B170702650049EBB5 /* NSString+MPExtensions.h */; settings = {ATTRIBUTES = (Public, ); }; };
		5FDB381E170702650049EBB5 /* NSString+MPExtensions.m in Sources */ = {isa = PBXBuildFile; fileRef = 5FDB381C170702650049EBB5 /* NSString+MPExtensions.m */; };
		5FDB38211707027E0049EBB5 /* NSSet+MPExtensions.h in Headers */ = {isa = PBXBuildFile; fileRef = 5FDB381F1707027E0049EBB5 /* NSSet+MPExtensions.h */; settings = {ATTRIBUTES = (Public, ); }; };
		5FDB38221707027E0049EBB5 /* NSSet+MPExtensions.m in Sources */ = {isa = PBXBuildFile; fileRef = 5FDB38201707027E0049EBB5 /* NSSet+MPExtensions.m */; };
		5FDB3825170702990049EBB5 /* NSBundle+MPExtensions.h in Headers */ = {isa = PBXBuildFile; fileRef = 5FDB3823170702990049EBB5 /* NSBundle+MPExtensions.h */; settings = {ATTRIBUTES = (Public, ); }; };
		5FDB3826170702990049EBB5 /* NSBundle+MPExtensions.m in Sources */ = {isa = PBXBuildFile; fileRef = 5FDB3824170702990049EBB5 /* NSBundle+MPExtensions.m */; };
		5FDB3829170702B50049EBB5 /* NSObject+MPExtensions.h in Headers */ = {isa = PBXBuildFile; fileRef = 5FDB3827170702B50049EBB5 /* NSObject+MPExtensions.h */; settings = {ATTRIBUTES = (Public, ); }; };
		5FDB382A170702B50049EBB5 /* NSObject+MPExtensions.m in Sources */ = {isa = PBXBuildFile; fileRef = 5FDB3828170702B50049EBB5 /* NSObject+MPExtensions.m */; };
		5FDB382D170702CD0049EBB5 /* NSArray+MPExtensions.h in Headers */ = {isa = PBXBuildFile; fileRef = 5FDB382B170702CD0049EBB5 /* NSArray+MPExtensions.h */; settings = {ATTRIBUTES = (Public, ); }; };
		5FDB382E170702CD0049EBB5 /* NSArray+MPExtensions.m in Sources */ = {isa = PBXBuildFile; fileRef = 5FDB382C170702CD0049EBB5 /* NSArray+MPExtensions.m */; };
		5FDB3831170702F40049EBB5 /* NSDictionary+MPExtensions.h in Headers */ = {isa = PBXBuildFile; fileRef = 5FDB382F170702F40049EBB5 /* NSDictionary+MPExtensions.h */; settings = {ATTRIBUTES = (Public, ); }; };
		5FDB3832170702F40049EBB5 /* NSDictionary+MPExtensions.m in Sources */ = {isa = PBXBuildFile; fileRef = 5FDB3830170702F40049EBB5 /* NSDictionary+MPExtensions.m */; };
		5FDB3835170703510049EBB5 /* NSDictionary+MPManagedObjectExtensions.h in Headers */ = {isa = PBXBuildFile; fileRef = 5FDB3833170703510049EBB5 /* NSDictionary+MPManagedObjectExtensions.h */; settings = {ATTRIBUTES = (Public, ); }; };
		5FDB3836170703510049EBB5 /* NSDictionary+MPManagedObjectExtensions.m in Sources */ = {isa = PBXBuildFile; fileRef = 5FDB3834170703510049EBB5 /* NSDictionary+MPManagedObjectExtensions.m */; };
		5FDB3839170703850049EBB5 /* NSFileManager+MPExtensions.h in Headers */ = {isa = PBXBuildFile; fileRef = 5FDB3837170703850049EBB5 /* NSFileManager+MPExtensions.h */; settings = {ATTRIBUTES = (Public, ); }; };
		5FDB383A170703850049EBB5 /* NSFileManager+MPExtensions.m in Sources */ = {isa = PBXBuildFile; fileRef = 5FDB3838170703850049EBB5 /* NSFileManager+MPExtensions.m */; };
		5FDB383D1707038F0049EBB5 /* NSData+MPExtensions.h in Headers */ = {isa = PBXBuildFile; fileRef = 5FDB383B1707038F0049EBB5 /* NSData+MPExtensions.h */; settings = {ATTRIBUTES = (Public, ); }; };
		5FDB383E1707038F0049EBB5 /* NSData+MPExtensions.m in Sources */ = {isa = PBXBuildFile; fileRef = 5FDB383C1707038F0049EBB5 /* NSData+MPExtensions.m */; };
		5FDB3841170703EC0049EBB5 /* NSNotificationCenter+MPExtensions.h in Headers */ = {isa = PBXBuildFile; fileRef = 5FDB383F170703EC0049EBB5 /* NSNotificationCenter+MPExtensions.h */; settings = {ATTRIBUTES = (Public, ); }; };
		5FDB3842170703EC0049EBB5 /* NSNotificationCenter+MPExtensions.m in Sources */ = {isa = PBXBuildFile; fileRef = 5FDB3840170703EC0049EBB5 /* NSNotificationCenter+MPExtensions.m */; };
		5FDB39BE170761D00049EBB5 /* CouchCocoa.framework in Frameworks */ = {isa = PBXBuildFile; fileRef = 5FDB39AF170761B70049EBB5 /* CouchCocoa.framework */; };
		5FDB3A05170793550049EBB5 /* NSData+Base64.h in Headers */ = {isa = PBXBuildFile; fileRef = 5FDB3A03170793550049EBB5 /* NSData+Base64.h */; };
		5FDB3A06170793550049EBB5 /* NSData+Base64.m in Sources */ = {isa = PBXBuildFile; fileRef = 5FDB3A04170793550049EBB5 /* NSData+Base64.m */; settings = {COMPILER_FLAGS = "-w"; }; };
		5FDB3A08170793B30049EBB5 /* libz.dylib in Frameworks */ = {isa = PBXBuildFile; fileRef = 5FDB3A07170793B20049EBB5 /* libz.dylib */; };
		5FDB3A3F1707992B0049EBB5 /* MPManagedObject.h in Headers */ = {isa = PBXBuildFile; fileRef = 5FDB3A3A1707992B0049EBB5 /* MPManagedObject.h */; settings = {ATTRIBUTES = (Public, ); }; };
		5FDB3A401707992B0049EBB5 /* MPManagedObject.m in Sources */ = {isa = PBXBuildFile; fileRef = 5FDB3A3B1707992B0049EBB5 /* MPManagedObject.m */; };
		5FDB3A411707992B0049EBB5 /* MPManagedObject+Mixin.h in Headers */ = {isa = PBXBuildFile; fileRef = 5FDB3A3C1707992B0049EBB5 /* MPManagedObject+Mixin.h */; settings = {ATTRIBUTES = (Public, ); }; };
		5FDB3A421707992B0049EBB5 /* MPManagedObject+Mixin.m in Sources */ = {isa = PBXBuildFile; fileRef = 5FDB3A3D1707992B0049EBB5 /* MPManagedObject+Mixin.m */; };
		5FDB3A431707992B0049EBB5 /* MPManagedObject+Protected.h in Headers */ = {isa = PBXBuildFile; fileRef = 5FDB3A3E1707992B0049EBB5 /* MPManagedObject+Protected.h */; settings = {ATTRIBUTES = (Public, ); }; };
		5FDB3A5B170799B30049EBB5 /* MPManagedObjectsController.h in Headers */ = {isa = PBXBuildFile; fileRef = 5FDB3A58170799B30049EBB5 /* MPManagedObjectsController.h */; settings = {ATTRIBUTES = (Public, ); }; };
		5FDB3A5C170799B30049EBB5 /* MPManagedObjectsController.m in Sources */ = {isa = PBXBuildFile; fileRef = 5FDB3A59170799B30049EBB5 /* MPManagedObjectsController.m */; };
		5FDB3A5D170799B30049EBB5 /* MPManagedObjectsController+Protected.h in Headers */ = {isa = PBXBuildFile; fileRef = 5FDB3A5A170799B30049EBB5 /* MPManagedObjectsController+Protected.h */; settings = {ATTRIBUTES = (Public, ); }; };
		5FDB3A6A17079A750049EBB5 /* MPContributor.h in Headers */ = {isa = PBXBuildFile; fileRef = 5FDB3A6817079A750049EBB5 /* MPContributor.h */; settings = {ATTRIBUTES = (Public, ); }; };
		5FDB3A6B17079A750049EBB5 /* MPContributor.m in Sources */ = {isa = PBXBuildFile; fileRef = 5FDB3A6917079A750049EBB5 /* MPContributor.m */; };
		5FDB3A7317079ABB0049EBB5 /* MPSnapshotsController.h in Headers */ = {isa = PBXBuildFile; fileRef = 5FDB3A7017079ABB0049EBB5 /* MPSnapshotsController.h */; settings = {ATTRIBUTES = (Public, ); }; };
		5FDB3A7417079ABB0049EBB5 /* MPSnapshotsController.m in Sources */ = {isa = PBXBuildFile; fileRef = 5FDB3A7117079ABB0049EBB5 /* MPSnapshotsController.m */; };
		5FDB3A7517079ABB0049EBB5 /* MPSnapshotsController+Protected.h in Headers */ = {isa = PBXBuildFile; fileRef = 5FDB3A7217079ABB0049EBB5 /* MPSnapshotsController+Protected.h */; settings = {ATTRIBUTES = (Public, ); }; };
		5FDB3A7817079AEC0049EBB5 /* MPContributorsController.h in Headers */ = {isa = PBXBuildFile; fileRef = 5FDB3A7617079AEC0049EBB5 /* MPContributorsController.h */; settings = {ATTRIBUTES = (Public, ); }; };
		5FDB3A7917079AEC0049EBB5 /* MPContributorsController.m in Sources */ = {isa = PBXBuildFile; fileRef = 5FDB3A7717079AEC0049EBB5 /* MPContributorsController.m */; };
		5FDB3A7D17079B1E0049EBB5 /* MPSnapshot.h in Headers */ = {isa = PBXBuildFile; fileRef = 5FDB3A7A17079B1E0049EBB5 /* MPSnapshot.h */; settings = {ATTRIBUTES = (Public, ); }; };
		5FDB3A7E17079B1E0049EBB5 /* MPSnapshot.m in Sources */ = {isa = PBXBuildFile; fileRef = 5FDB3A7B17079B1E0049EBB5 /* MPSnapshot.m */; };
		5FDB3A7F17079B1E0049EBB5 /* MPSnapshot+Protected.h in Headers */ = {isa = PBXBuildFile; fileRef = 5FDB3A7C17079B1E0049EBB5 /* MPSnapshot+Protected.h */; settings = {ATTRIBUTES = (Public, ); }; };
		5FDB3A8717079C020049EBB5 /* MPException.h in Headers */ = {isa = PBXBuildFile; fileRef = 5FDB3A8517079C020049EBB5 /* MPException.h */; settings = {ATTRIBUTES = (Public, ); }; };
		5FDB3A8817079C020049EBB5 /* MPException.m in Sources */ = {isa = PBXBuildFile; fileRef = 5FDB3A8617079C020049EBB5 /* MPException.m */; };
		5FDB3A9217079DD10049EBB5 /* MPDatabase.h in Headers */ = {isa = PBXBuildFile; fileRef = 5FDB3A8B17079DD10049EBB5 /* MPDatabase.h */; settings = {ATTRIBUTES = (Public, ); }; };
		5FDB3A9317079DD10049EBB5 /* MPDatabase.m in Sources */ = {isa = PBXBuildFile; fileRef = 5FDB3A8C17079DD10049EBB5 /* MPDatabase.m */; };
		5FDB3A9417079DD10049EBB5 /* MPDatabasePackageController.h in Headers */ = {isa = PBXBuildFile; fileRef = 5FDB3A8D17079DD10049EBB5 /* MPDatabasePackageController.h */; settings = {ATTRIBUTES = (Public, ); }; };
		5FDB3A9517079DD10049EBB5 /* MPDatabasePackageController.m in Sources */ = {isa = PBXBuildFile; fileRef = 5FDB3A8E17079DD10049EBB5 /* MPDatabasePackageController.m */; };
		5FDB3A9617079DD10049EBB5 /* MPDatabasePackageController+Protected.h in Headers */ = {isa = PBXBuildFile; fileRef = 5FDB3A8F17079DD10049EBB5 /* MPDatabasePackageController+Protected.h */; settings = {ATTRIBUTES = (Public, ); }; };
		5FDB3A9B17079EAE0049EBB5 /* NSNotificationCenter+ErrorNotification.h in Headers */ = {isa = PBXBuildFile; fileRef = 5FDB3A9917079EA80049EBB5 /* NSNotificationCenter+ErrorNotification.h */; settings = {ATTRIBUTES = (Public, ); }; };
		5FDB3A9C17079EAE0049EBB5 /* NSNotificationCenter+ErrorNotification.m in Sources */ = {isa = PBXBuildFile; fileRef = 5FDB3A9A17079EAB0049EBB5 /* NSNotificationCenter+ErrorNotification.m */; };
		5FDB3A9F17079ED80049EBB5 /* MPShoeboxPackageController.h in Headers */ = {isa = PBXBuildFile; fileRef = 5FDB3A9D17079ED60049EBB5 /* MPShoeboxPackageController.h */; settings = {ATTRIBUTES = (Public, ); }; };
		5FDB3AA017079ED80049EBB5 /* MPShoeboxPackageController.m in Sources */ = {isa = PBXBuildFile; fileRef = 5FDB3A9E17079ED70049EBB5 /* MPShoeboxPackageController.m */; };
		5FDB3AA81707A36D0049EBB5 /* Feather.h in Headers */ = {isa = PBXBuildFile; fileRef = 5FDB33131705CB950049EBB5 /* Feather.h */; settings = {ATTRIBUTES = (Public, ); }; };
		5FDB3AA91707ABBE0049EBB5 /* MPTreeItem.h in Headers */ = {isa = PBXBuildFile; fileRef = 5FDB3AA117079FB80049EBB5 /* MPTreeItem.h */; settings = {ATTRIBUTES = (Public, ); }; };
		5FDCF2D8171043A80039DAED /* MPFeatherTestSuite.h in Headers */ = {isa = PBXBuildFile; fileRef = 5FDB33281705CB950049EBB5 /* MPFeatherTestSuite.h */; settings = {ATTRIBUTES = (Public, ); }; };
		5FDCF2EE171045990039DAED /* MPFeatherTestClasses.m in Sources */ = {isa = PBXBuildFile; fileRef = 5FDCF2ED171045990039DAED /* MPFeatherTestClasses.m */; };
		5FDCF2EF17104A710039DAED /* MPFeatherTestSuite.m in Sources */ = {isa = PBXBuildFile; fileRef = 5FDB33291705CB950049EBB5 /* MPFeatherTestSuite.m */; };
		5FDCF2F017104A8F0039DAED /* SenTestingKit.framework in Frameworks */ = {isa = PBXBuildFile; fileRef = 5FDB331C1705CB950049EBB5 /* SenTestingKit.framework */; settings = {ATTRIBUTES = (Weak, ); }; };
		5FDCF2F4171080AC0039DAED /* MPEmbeddedPropertyContainingMixin.h in Headers */ = {isa = PBXBuildFile; fileRef = 5FDCF2F2171080AC0039DAED /* MPEmbeddedPropertyContainingMixin.h */; settings = {ATTRIBUTES = (Public, ); }; };
		5FDCF2F5171080AC0039DAED /* MPEmbeddedPropertyContainingMixin.m in Sources */ = {isa = PBXBuildFile; fileRef = 5FDCF2F3171080AC0039DAED /* MPEmbeddedPropertyContainingMixin.m */; };
		5FDCF34D1710CA600039DAED /* MPModelFoundationTests.m in Sources */ = {isa = PBXBuildFile; fileRef = 5FDCF34C1710CA600039DAED /* MPModelFoundationTests.m */; };
		D932296417268E37006880C2 /* NSTask+MPExtensions.h in Headers */ = {isa = PBXBuildFile; fileRef = D932296217268E37006880C2 /* NSTask+MPExtensions.h */; settings = {ATTRIBUTES = (Public, ); }; };
		D932296517268E37006880C2 /* NSTask+MPExtensions.m in Sources */ = {isa = PBXBuildFile; fileRef = D932296317268E37006880C2 /* NSTask+MPExtensions.m */; };
		D932296617268E37006880C2 /* NSTask+MPExtensions.m in Sources */ = {isa = PBXBuildFile; fileRef = D932296317268E37006880C2 /* NSTask+MPExtensions.m */; };
/* End PBXBuildFile section */

/* Begin PBXContainerItemProxy section */
		5FDB331F1705CB950049EBB5 /* PBXContainerItemProxy */ = {
			isa = PBXContainerItemProxy;
			containerPortal = 5FDB32F91705CB950049EBB5 /* Project object */;
			proxyType = 1;
			remoteGlobalIDString = 5FDB33021705CB950049EBB5;
			remoteInfo = Feather;
		};
		5FDB33761705CC960049EBB5 /* PBXContainerItemProxy */ = {
			isa = PBXContainerItemProxy;
			containerPortal = 5FDB335D1705CC960049EBB5 /* TouchDB.xcodeproj */;
			proxyType = 2;
			remoteGlobalIDString = 270B3DEA1489359000E0A926;
			remoteInfo = TouchDB;
		};
		5FDB33781705CC960049EBB5 /* PBXContainerItemProxy */ = {
			isa = PBXContainerItemProxy;
			containerPortal = 5FDB335D1705CC960049EBB5 /* TouchDB.xcodeproj */;
			proxyType = 2;
			remoteGlobalIDString = 275315D514ACF0A10065964D;
			remoteInfo = TouchDBListener;
		};
		5FDB337C1705CC960049EBB5 /* PBXContainerItemProxy */ = {
			isa = PBXContainerItemProxy;
			containerPortal = 5FDB335D1705CC960049EBB5 /* TouchDB.xcodeproj */;
			proxyType = 2;
			remoteGlobalIDString = 27C70694148864BA00F0F099;
			remoteInfo = "TouchDB Demo";
		};
		5FDB337E1705CC960049EBB5 /* PBXContainerItemProxy */ = {
			isa = PBXContainerItemProxy;
			containerPortal = 5FDB335D1705CC960049EBB5 /* TouchDB.xcodeproj */;
			proxyType = 2;
			remoteGlobalIDString = 8DD76F6C0486A84900D96B5E;
			remoteInfo = Tests;
		};
		5FDB33801705CC960049EBB5 /* PBXContainerItemProxy */ = {
			isa = PBXContainerItemProxy;
			containerPortal = 5FDB335D1705CC960049EBB5 /* TouchDB.xcodeproj */;
			proxyType = 2;
			remoteGlobalIDString = 27B0B7A91492B83B00A817AD;
			remoteInfo = "iOS Library";
		};
		5FDB33821705CC960049EBB5 /* PBXContainerItemProxy */ = {
			isa = PBXContainerItemProxy;
			containerPortal = 5FDB335D1705CC960049EBB5 /* TouchDB.xcodeproj */;
			proxyType = 2;
			remoteGlobalIDString = 27B0B7B61492B83B00A817AD;
			remoteInfo = TouchDBiOSTests;
		};
		5FDB33841705CC960049EBB5 /* PBXContainerItemProxy */ = {
			isa = PBXContainerItemProxy;
			containerPortal = 5FDB335D1705CC960049EBB5 /* TouchDB.xcodeproj */;
			proxyType = 2;
			remoteGlobalIDString = 27B0B7E71492BB6B00A817AD;
			remoteInfo = "iOS Framework";
		};
		5FDB33861705CC960049EBB5 /* PBXContainerItemProxy */ = {
			isa = PBXContainerItemProxy;
			containerPortal = 5FDB335D1705CC960049EBB5 /* TouchDB.xcodeproj */;
			proxyType = 2;
			remoteGlobalIDString = 27B0B80B1492C16300A817AD;
			remoteInfo = "iOS Demo";
		};
		5FDB33881705CC960049EBB5 /* PBXContainerItemProxy */ = {
			isa = PBXContainerItemProxy;
			containerPortal = 5FDB335D1705CC960049EBB5 /* TouchDB.xcodeproj */;
			proxyType = 2;
			remoteGlobalIDString = 27731F2A1495CFEF00815D67;
			remoteInfo = "iOS Empty App";
		};
		5FDB338A1705CC960049EBB5 /* PBXContainerItemProxy */ = {
			isa = PBXContainerItemProxy;
			containerPortal = 5FDB335D1705CC960049EBB5 /* TouchDB.xcodeproj */;
			proxyType = 2;
			remoteGlobalIDString = DA023B6414BCA94C008184BB;
			remoteInfo = "Listener iOS Library";
		};
		5FDB338C1705CC960049EBB5 /* PBXContainerItemProxy */ = {
			isa = PBXContainerItemProxy;
			containerPortal = 5FDB335D1705CC960049EBB5 /* TouchDB.xcodeproj */;
			proxyType = 2;
			remoteGlobalIDString = DA147C3614BCAC3B0052DA4D;
			remoteInfo = "Listener iOS Framework";
		};
		5FDB338E1705CC960049EBB5 /* PBXContainerItemProxy */ = {
			isa = PBXContainerItemProxy;
			containerPortal = 5FDB335D1705CC960049EBB5 /* TouchDB.xcodeproj */;
			proxyType = 2;
			remoteGlobalIDString = 270FE0C814C5008C005FF647;
			remoteInfo = TouchServ;
		};
		5FDB33901705CCAA0049EBB5 /* PBXContainerItemProxy */ = {
			isa = PBXContainerItemProxy;
			containerPortal = 5FDB335D1705CC960049EBB5 /* TouchDB.xcodeproj */;
			proxyType = 1;
			remoteGlobalIDString = 270B3DE91489359000E0A926;
			remoteInfo = TouchDB;
		};
		5FDB34A11705DCE50049EBB5 /* PBXContainerItemProxy */ = {
			isa = PBXContainerItemProxy;
			containerPortal = 5FDB335D1705CC960049EBB5 /* TouchDB.xcodeproj */;
			proxyType = 1;
			remoteGlobalIDString = 275315D414ACF0A10065964D;
			remoteInfo = TouchDBListener;
		};
		5FDB3924170713BD0049EBB5 /* PBXContainerItemProxy */ = {
			isa = PBXContainerItemProxy;
			containerPortal = 5FDB335D1705CC960049EBB5 /* TouchDB.xcodeproj */;
			proxyType = 2;
			remoteGlobalIDString = 270B3DFB1489359000E0A926;
			remoteInfo = TouchDBTests;
		};
		5FDB39AE170761B70049EBB5 /* PBXContainerItemProxy */ = {
			isa = PBXContainerItemProxy;
			containerPortal = 5FDB399E170761B70049EBB5 /* CouchCocoa.xcodeproj */;
			proxyType = 2;
			remoteGlobalIDString = 27CDEBF113C67C9B00C979BB;
			remoteInfo = "Mac Framework";
		};
		5FDB39B0170761B70049EBB5 /* PBXContainerItemProxy */ = {
			isa = PBXContainerItemProxy;
			containerPortal = 5FDB399E170761B70049EBB5 /* CouchCocoa.xcodeproj */;
			proxyType = 2;
			remoteGlobalIDString = 27CDEC0313C67C9B00C979BB;
			remoteInfo = "Mac Tests";
		};
		5FDB39B2170761B70049EBB5 /* PBXContainerItemProxy */ = {
			isa = PBXContainerItemProxy;
			containerPortal = 5FDB399E170761B70049EBB5 /* CouchCocoa.xcodeproj */;
			proxyType = 2;
			remoteGlobalIDString = 27EF14771396D7BA0052913E;
			remoteInfo = "Demo-Addresses";
		};
		5FDB39B4170761B70049EBB5 /* PBXContainerItemProxy */ = {
			isa = PBXContainerItemProxy;
			containerPortal = 5FDB399E170761B70049EBB5 /* CouchCocoa.xcodeproj */;
			proxyType = 2;
			remoteGlobalIDString = 2784E1BC13CE5249009CC5C8;
			remoteInfo = "Demo-Shopping";
		};
		5FDB39B6170761B70049EBB5 /* PBXContainerItemProxy */ = {
			isa = PBXContainerItemProxy;
			containerPortal = 5FDB399E170761B70049EBB5 /* CouchCocoa.xcodeproj */;
			proxyType = 2;
			remoteGlobalIDString = 27EEA59813D602EA00D7ACA4;
			remoteInfo = "iOS Framework";
		};
		5FDB39B8170761B70049EBB5 /* PBXContainerItemProxy */ = {
			isa = PBXContainerItemProxy;
			containerPortal = 5FDB399E170761B70049EBB5 /* CouchCocoa.xcodeproj */;
			proxyType = 2;
			remoteGlobalIDString = 2739BF2B13BCE53B004829CD;
			remoteInfo = "iOS Library";
		};
		5FDB39BA170761B70049EBB5 /* PBXContainerItemProxy */ = {
			isa = PBXContainerItemProxy;
			containerPortal = 5FDB399E170761B70049EBB5 /* CouchCocoa.xcodeproj */;
			proxyType = 2;
			remoteGlobalIDString = 2739BF3613BCE53C004829CD;
			remoteInfo = "iOS Tests";
		};
		5FDB39BC170761C10049EBB5 /* PBXContainerItemProxy */ = {
			isa = PBXContainerItemProxy;
			containerPortal = 5FDB399E170761B70049EBB5 /* CouchCocoa.xcodeproj */;
			proxyType = 1;
			remoteGlobalIDString = 27CDEBF013C67C9B00C979BB;
			remoteInfo = "Mac Framework";
		};
/* End PBXContainerItemProxy section */

/* Begin PBXFileReference section */
		5F1850241711707800079040 /* MPExtensions.h */ = {isa = PBXFileReference; fileEncoding = 4; lastKnownFileType = sourcecode.c.h; name = MPExtensions.h; path = Sources/Categories/MPExtensions.h; sourceTree = "<group>"; };
		5F28A030170A3310000D61B6 /* NSApplication+MPExtensions.h */ = {isa = PBXFileReference; fileEncoding = 4; lastKnownFileType = sourcecode.c.h; name = "NSApplication+MPExtensions.h"; path = "../../feather/Feather/Sources/Categories/NSApplication+MPExtensions.h"; sourceTree = "<group>"; };
		5F28A031170A3310000D61B6 /* NSApplication+MPExtensions.m */ = {isa = PBXFileReference; fileEncoding = 4; lastKnownFileType = sourcecode.c.objc; name = "NSApplication+MPExtensions.m"; path = "../../feather/Feather/Sources/Categories/NSApplication+MPExtensions.m"; sourceTree = "<group>"; };
		5F293B85170CAD53001C2111 /* MPCacheable.h */ = {isa = PBXFileReference; lastKnownFileType = sourcecode.c.h; name = MPCacheable.h; path = Sources/Model/MPCacheable.h; sourceTree = "<group>"; };
		5F293B99170CAD65001C2111 /* MPCacheableMixin.h */ = {isa = PBXFileReference; fileEncoding = 4; lastKnownFileType = sourcecode.c.h; name = MPCacheableMixin.h; path = Sources/Model/MPCacheableMixin.h; sourceTree = "<group>"; };
		5F293B9A170CAD65001C2111 /* MPCacheableMixin.m */ = {isa = PBXFileReference; fileEncoding = 4; lastKnownFileType = sourcecode.c.objc; name = MPCacheableMixin.m; path = Sources/Model/MPCacheableMixin.m; sourceTree = "<group>"; };
		5F293B9E170CAECC001C2111 /* MPEmbeddedObject.h */ = {isa = PBXFileReference; fileEncoding = 4; lastKnownFileType = sourcecode.c.h; name = MPEmbeddedObject.h; path = Sources/Model/MPEmbeddedObject.h; sourceTree = "<group>"; };
		5F293B9F170CAECC001C2111 /* MPEmbeddedObject.m */ = {isa = PBXFileReference; fileEncoding = 4; lastKnownFileType = sourcecode.c.objc; name = MPEmbeddedObject.m; path = Sources/Model/MPEmbeddedObject.m; sourceTree = "<group>"; };
		5F293BF3170DFD4E001C2111 /* UICKeyChainStore.h */ = {isa = PBXFileReference; fileEncoding = 4; lastKnownFileType = sourcecode.c.h; name = UICKeyChainStore.h; path = External/UICKeyChainStore/UICKeyChainStore.h; sourceTree = SOURCE_ROOT; };
		5F293BF4170DFD4E001C2111 /* UICKeyChainStore.m */ = {isa = PBXFileReference; fileEncoding = 4; lastKnownFileType = sourcecode.c.objc; name = UICKeyChainStore.m; path = External/UICKeyChainStore/UICKeyChainStore.m; sourceTree = SOURCE_ROOT; };
		5F293BF7170DFD77001C2111 /* Security.framework */ = {isa = PBXFileReference; lastKnownFileType = wrapper.framework; name = Security.framework; path = System/Library/Frameworks/Security.framework; sourceTree = SDKROOT; };
		5F293BFC170E191F001C2111 /* MPExtensionTests.h */ = {isa = PBXFileReference; fileEncoding = 4; lastKnownFileType = sourcecode.c.h; path = MPExtensionTests.h; sourceTree = "<group>"; };
		5F293BFD170E191F001C2111 /* MPExtensionTests.m */ = {isa = PBXFileReference; fileEncoding = 4; lastKnownFileType = sourcecode.c.objc; path = MPExtensionTests.m; sourceTree = "<group>"; };
		5F293C05170E2980001C2111 /* MPEmbeddedObjectsTests.h */ = {isa = PBXFileReference; fileEncoding = 4; lastKnownFileType = sourcecode.c.h; path = MPEmbeddedObjectsTests.h; sourceTree = "<group>"; };
		5F293C06170E2980001C2111 /* MPEmbeddedObjectsTests.m */ = {isa = PBXFileReference; fileEncoding = 4; lastKnownFileType = sourcecode.c.objc; path = MPEmbeddedObjectsTests.m; sourceTree = "<group>"; };
		5F293C1E170E3B62001C2111 /* MPPlaceHolding.h */ = {isa = PBXFileReference; fileEncoding = 4; lastKnownFileType = sourcecode.c.h; name = MPPlaceHolding.h; path = Sources/Model/MPPlaceHolding.h; sourceTree = "<group>"; };
		5F293C20170E45D4001C2111 /* MPEmbeddedObject+Protected.h */ = {isa = PBXFileReference; lastKnownFileType = sourcecode.c.h; name = "MPEmbeddedObject+Protected.h"; path = "Sources/Model/MPEmbeddedObject+Protected.h"; sourceTree = "<group>"; };
		5F3D38081725D8A600D19D7C /* MPCategorizableMixin.h */ = {isa = PBXFileReference; fileEncoding = 4; lastKnownFileType = sourcecode.c.h; name = MPCategorizableMixin.h; path = Sources/Model/MPCategorizableMixin.h; sourceTree = "<group>"; };
		5F3D38091725D8A600D19D7C /* MPCategorizableMixin.m */ = {isa = PBXFileReference; fileEncoding = 4; lastKnownFileType = sourcecode.c.objc; name = MPCategorizableMixin.m; path = Sources/Model/MPCategorizableMixin.m; sourceTree = "<group>"; };
		5F3D380C1725D8E000D19D7C /* MPBundlableMixin.h */ = {isa = PBXFileReference; fileEncoding = 4; lastKnownFileType = sourcecode.c.h; name = MPBundlableMixin.h; path = Sources/Model/MPBundlableMixin.h; sourceTree = "<group>"; };
		5F3D380D1725D8E000D19D7C /* MPBundlableMixin.m */ = {isa = PBXFileReference; fileEncoding = 4; lastKnownFileType = sourcecode.c.objc; name = MPBundlableMixin.m; path = Sources/Model/MPBundlableMixin.m; sourceTree = "<group>"; };
		5F73DEA6170C6B6700DC411A /* MPShoeboxPackageController+Protected.h */ = {isa = PBXFileReference; lastKnownFileType = sourcecode.c.h; name = "MPShoeboxPackageController+Protected.h"; path = "Sources/Database Packages/MPShoeboxPackageController+Protected.h"; sourceTree = "<group>"; };
		5FCC021D170C14D80091BEAC /* NSArray+MPManagedObjectExtensions.h */ = {isa = PBXFileReference; fileEncoding = 4; lastKnownFileType = sourcecode.c.h; name = "NSArray+MPManagedObjectExtensions.h"; path = "Sources/Categories/NSArray+MPManagedObjectExtensions.h"; sourceTree = "<group>"; };
		5FCC021E170C14D80091BEAC /* NSArray+MPManagedObjectExtensions.m */ = {isa = PBXFileReference; fileEncoding = 4; lastKnownFileType = sourcecode.c.objc; name = "NSArray+MPManagedObjectExtensions.m"; path = "Sources/Categories/NSArray+MPManagedObjectExtensions.m"; sourceTree = "<group>"; };
		5FDB33031705CB950049EBB5 /* Feather.framework */ = {isa = PBXFileReference; explicitFileType = wrapper.framework; includeInIndex = 0; path = Feather.framework; sourceTree = BUILT_PRODUCTS_DIR; };
		5FDB33061705CB950049EBB5 /* Cocoa.framework */ = {isa = PBXFileReference; lastKnownFileType = wrapper.framework; name = Cocoa.framework; path = System/Library/Frameworks/Cocoa.framework; sourceTree = SDKROOT; };
		5FDB33091705CB950049EBB5 /* AppKit.framework */ = {isa = PBXFileReference; lastKnownFileType = wrapper.framework; name = AppKit.framework; path = System/Library/Frameworks/AppKit.framework; sourceTree = SDKROOT; };
		5FDB330A1705CB950049EBB5 /* CoreData.framework */ = {isa = PBXFileReference; lastKnownFileType = wrapper.framework; name = CoreData.framework; path = System/Library/Frameworks/CoreData.framework; sourceTree = SDKROOT; };
		5FDB330B1705CB950049EBB5 /* Foundation.framework */ = {isa = PBXFileReference; lastKnownFileType = wrapper.framework; name = Foundation.framework; path = System/Library/Frameworks/Foundation.framework; sourceTree = SDKROOT; };
		5FDB330E1705CB950049EBB5 /* Feather-Info.plist */ = {isa = PBXFileReference; lastKnownFileType = text.plist.xml; path = "Feather-Info.plist"; sourceTree = "<group>"; };
		5FDB33101705CB950049EBB5 /* en */ = {isa = PBXFileReference; lastKnownFileType = text.plist.strings; name = en; path = en.lproj/InfoPlist.strings; sourceTree = "<group>"; };
		5FDB33121705CB950049EBB5 /* Feather-Prefix.pch */ = {isa = PBXFileReference; lastKnownFileType = sourcecode.c.h; path = "Feather-Prefix.pch"; sourceTree = "<group>"; };
		5FDB33131705CB950049EBB5 /* Feather.h */ = {isa = PBXFileReference; lastKnownFileType = sourcecode.c.h; path = Feather.h; sourceTree = "<group>"; };
		5FDB331B1705CB950049EBB5 /* FeatherTests.octest */ = {isa = PBXFileReference; explicitFileType = wrapper.cfbundle; includeInIndex = 0; path = FeatherTests.octest; sourceTree = BUILT_PRODUCTS_DIR; };
		5FDB331C1705CB950049EBB5 /* SenTestingKit.framework */ = {isa = PBXFileReference; lastKnownFileType = wrapper.framework; name = SenTestingKit.framework; path = Library/Frameworks/SenTestingKit.framework; sourceTree = DEVELOPER_DIR; };
		5FDB33241705CB950049EBB5 /* FeatherTests-Info.plist */ = {isa = PBXFileReference; lastKnownFileType = text.plist.xml; path = "FeatherTests-Info.plist"; sourceTree = "<group>"; };
		5FDB33261705CB950049EBB5 /* en */ = {isa = PBXFileReference; lastKnownFileType = text.plist.strings; name = en; path = en.lproj/InfoPlist.strings; sourceTree = "<group>"; };
		5FDB33281705CB950049EBB5 /* MPFeatherTestSuite.h */ = {isa = PBXFileReference; lastKnownFileType = sourcecode.c.h; path = MPFeatherTestSuite.h; sourceTree = "<group>"; };
		5FDB33291705CB950049EBB5 /* MPFeatherTestSuite.m */ = {isa = PBXFileReference; lastKnownFileType = sourcecode.c.objc; path = MPFeatherTestSuite.m; sourceTree = "<group>"; };
		5FDB335D1705CC960049EBB5 /* TouchDB.xcodeproj */ = {isa = PBXFileReference; lastKnownFileType = "wrapper.pb-project"; name = TouchDB.xcodeproj; path = External/TouchDB/TouchDB.xcodeproj; sourceTree = "<group>"; };
		5FDB33C21705CF260049EBB5 /* libcommonCrypto.dylib */ = {isa = PBXFileReference; lastKnownFileType = "compiled.mach-o.dylib"; name = libcommonCrypto.dylib; path = usr/lib/system/libcommonCrypto.dylib; sourceTree = SDKROOT; };
		5FDB33D21705D0D90049EBB5 /* RegexKitLite.h */ = {isa = PBXFileReference; fileEncoding = 4; lastKnownFileType = sourcecode.c.h; name = RegexKitLite.h; path = "External/RegexKitLite-4.0/RegexKitLite.h"; sourceTree = SOURCE_ROOT; };
		5FDB33D31705D0D90049EBB5 /* RegexKitLite.m */ = {isa = PBXFileReference; fileEncoding = 4; lastKnownFileType = sourcecode.c.objc; name = RegexKitLite.m; path = "External/RegexKitLite-4.0/RegexKitLite.m"; sourceTree = SOURCE_ROOT; };
		5FDB33D71705D1380049EBB5 /* libicucore.dylib */ = {isa = PBXFileReference; lastKnownFileType = "compiled.mach-o.dylib"; name = libicucore.dylib; path = usr/lib/libicucore.dylib; sourceTree = SDKROOT; };
		5FDB34361705D90A0049EBB5 /* Mixin.h */ = {isa = PBXFileReference; fileEncoding = 4; lastKnownFileType = sourcecode.c.h; name = Mixin.h; path = External/ObjectiveMixin/ObjectiveMixin/Mixin.h; sourceTree = SOURCE_ROOT; };
		5FDB34371705D90A0049EBB5 /* Mixin.m */ = {isa = PBXFileReference; fileEncoding = 4; lastKnownFileType = sourcecode.c.objc; name = Mixin.m; path = External/ObjectiveMixin/ObjectiveMixin/Mixin.m; sourceTree = SOURCE_ROOT; };
		5FDB34521705DB570049EBB5 /* JSONKit.h */ = {isa = PBXFileReference; fileEncoding = 4; lastKnownFileType = sourcecode.c.h; name = JSONKit.h; path = External/JSONKit/JSONKit.h; sourceTree = SOURCE_ROOT; };
		5FDB34531705DB570049EBB5 /* JSONKit.m */ = {isa = PBXFileReference; fileEncoding = 4; lastKnownFileType = sourcecode.c.objc; name = JSONKit.m; path = External/JSONKit/JSONKit.m; sourceTree = SOURCE_ROOT; };
		5FDB3817170702470049EBB5 /* NSError+MPExtensions.h */ = {isa = PBXFileReference; fileEncoding = 4; lastKnownFileType = sourcecode.c.h; name = "NSError+MPExtensions.h"; path = "Sources/Categories/NSError+MPExtensions.h"; sourceTree = "<group>"; };
		5FDB3818170702470049EBB5 /* NSError+MPExtensions.m */ = {isa = PBXFileReference; fileEncoding = 4; lastKnownFileType = sourcecode.c.objc; name = "NSError+MPExtensions.m"; path = "Sources/Categories/NSError+MPExtensions.m"; sourceTree = "<group>"; };
		5FDB381B170702650049EBB5 /* NSString+MPExtensions.h */ = {isa = PBXFileReference; fileEncoding = 4; lastKnownFileType = sourcecode.c.h; name = "NSString+MPExtensions.h"; path = "Sources/Categories/NSString+MPExtensions.h"; sourceTree = "<group>"; };
		5FDB381C170702650049EBB5 /* NSString+MPExtensions.m */ = {isa = PBXFileReference; fileEncoding = 4; lastKnownFileType = sourcecode.c.objc; name = "NSString+MPExtensions.m"; path = "Sources/Categories/NSString+MPExtensions.m"; sourceTree = "<group>"; };
		5FDB381F1707027E0049EBB5 /* NSSet+MPExtensions.h */ = {isa = PBXFileReference; fileEncoding = 4; lastKnownFileType = sourcecode.c.h; name = "NSSet+MPExtensions.h"; path = "Sources/Categories/NSSet+MPExtensions.h"; sourceTree = "<group>"; };
		5FDB38201707027E0049EBB5 /* NSSet+MPExtensions.m */ = {isa = PBXFileReference; fileEncoding = 4; lastKnownFileType = sourcecode.c.objc; name = "NSSet+MPExtensions.m"; path = "Sources/Categories/NSSet+MPExtensions.m"; sourceTree = "<group>"; };
		5FDB3823170702990049EBB5 /* NSBundle+MPExtensions.h */ = {isa = PBXFileReference; fileEncoding = 4; lastKnownFileType = sourcecode.c.h; name = "NSBundle+MPExtensions.h"; path = "Sources/Categories/NSBundle+MPExtensions.h"; sourceTree = "<group>"; };
		5FDB3824170702990049EBB5 /* NSBundle+MPExtensions.m */ = {isa = PBXFileReference; fileEncoding = 4; lastKnownFileType = sourcecode.c.objc; name = "NSBundle+MPExtensions.m"; path = "Sources/Categories/NSBundle+MPExtensions.m"; sourceTree = "<group>"; };
		5FDB3827170702B50049EBB5 /* NSObject+MPExtensions.h */ = {isa = PBXFileReference; fileEncoding = 4; lastKnownFileType = sourcecode.c.h; name = "NSObject+MPExtensions.h"; path = "Sources/Categories/NSObject+MPExtensions.h"; sourceTree = "<group>"; };
		5FDB3828170702B50049EBB5 /* NSObject+MPExtensions.m */ = {isa = PBXFileReference; fileEncoding = 4; lastKnownFileType = sourcecode.c.objc; name = "NSObject+MPExtensions.m"; path = "Sources/Categories/NSObject+MPExtensions.m"; sourceTree = "<group>"; };
		5FDB382B170702CD0049EBB5 /* NSArray+MPExtensions.h */ = {isa = PBXFileReference; fileEncoding = 4; lastKnownFileType = sourcecode.c.h; name = "NSArray+MPExtensions.h"; path = "Sources/Categories/NSArray+MPExtensions.h"; sourceTree = "<group>"; };
		5FDB382C170702CD0049EBB5 /* NSArray+MPExtensions.m */ = {isa = PBXFileReference; fileEncoding = 4; lastKnownFileType = sourcecode.c.objc; name = "NSArray+MPExtensions.m"; path = "Sources/Categories/NSArray+MPExtensions.m"; sourceTree = "<group>"; };
		5FDB382F170702F40049EBB5 /* NSDictionary+MPExtensions.h */ = {isa = PBXFileReference; fileEncoding = 4; lastKnownFileType = sourcecode.c.h; name = "NSDictionary+MPExtensions.h"; path = "Sources/Categories/NSDictionary+MPExtensions.h"; sourceTree = "<group>"; };
		5FDB3830170702F40049EBB5 /* NSDictionary+MPExtensions.m */ = {isa = PBXFileReference; fileEncoding = 4; lastKnownFileType = sourcecode.c.objc; name = "NSDictionary+MPExtensions.m"; path = "Sources/Categories/NSDictionary+MPExtensions.m"; sourceTree = "<group>"; };
		5FDB3833170703510049EBB5 /* NSDictionary+MPManagedObjectExtensions.h */ = {isa = PBXFileReference; fileEncoding = 4; lastKnownFileType = sourcecode.c.h; name = "NSDictionary+MPManagedObjectExtensions.h"; path = "Sources/Categories/NSDictionary+MPManagedObjectExtensions.h"; sourceTree = "<group>"; };
		5FDB3834170703510049EBB5 /* NSDictionary+MPManagedObjectExtensions.m */ = {isa = PBXFileReference; fileEncoding = 4; lastKnownFileType = sourcecode.c.objc; name = "NSDictionary+MPManagedObjectExtensions.m"; path = "Sources/Categories/NSDictionary+MPManagedObjectExtensions.m"; sourceTree = "<group>"; };
		5FDB3837170703850049EBB5 /* NSFileManager+MPExtensions.h */ = {isa = PBXFileReference; fileEncoding = 4; lastKnownFileType = sourcecode.c.h; name = "NSFileManager+MPExtensions.h"; path = "Sources/Categories/NSFileManager+MPExtensions.h"; sourceTree = "<group>"; };
		5FDB3838170703850049EBB5 /* NSFileManager+MPExtensions.m */ = {isa = PBXFileReference; fileEncoding = 4; lastKnownFileType = sourcecode.c.objc; name = "NSFileManager+MPExtensions.m"; path = "Sources/Categories/NSFileManager+MPExtensions.m"; sourceTree = "<group>"; };
		5FDB383B1707038F0049EBB5 /* NSData+MPExtensions.h */ = {isa = PBXFileReference; fileEncoding = 4; lastKnownFileType = sourcecode.c.h; name = "NSData+MPExtensions.h"; path = "Sources/Categories/NSData+MPExtensions.h"; sourceTree = "<group>"; };
		5FDB383C1707038F0049EBB5 /* NSData+MPExtensions.m */ = {isa = PBXFileReference; fileEncoding = 4; lastKnownFileType = sourcecode.c.objc; name = "NSData+MPExtensions.m"; path = "Sources/Categories/NSData+MPExtensions.m"; sourceTree = "<group>"; };
		5FDB383F170703EC0049EBB5 /* NSNotificationCenter+MPExtensions.h */ = {isa = PBXFileReference; fileEncoding = 4; lastKnownFileType = sourcecode.c.h; name = "NSNotificationCenter+MPExtensions.h"; path = "Sources/Categories/NSNotificationCenter+MPExtensions.h"; sourceTree = "<group>"; };
		5FDB3840170703EC0049EBB5 /* NSNotificationCenter+MPExtensions.m */ = {isa = PBXFileReference; fileEncoding = 4; lastKnownFileType = sourcecode.c.objc; name = "NSNotificationCenter+MPExtensions.m"; path = "Sources/Categories/NSNotificationCenter+MPExtensions.m"; sourceTree = "<group>"; };
		5FDB399E170761B70049EBB5 /* CouchCocoa.xcodeproj */ = {isa = PBXFileReference; lastKnownFileType = "wrapper.pb-project"; name = CouchCocoa.xcodeproj; path = External/CouchCocoa/CouchCocoa.xcodeproj; sourceTree = "<group>"; };
		5FDB3A03170793550049EBB5 /* NSData+Base64.h */ = {isa = PBXFileReference; fileEncoding = 4; lastKnownFileType = sourcecode.c.h; name = "NSData+Base64.h"; path = "External/NSData+Base64/NSData+Base64.h"; sourceTree = SOURCE_ROOT; };
		5FDB3A04170793550049EBB5 /* NSData+Base64.m */ = {isa = PBXFileReference; fileEncoding = 4; lastKnownFileType = sourcecode.c.objc; name = "NSData+Base64.m"; path = "External/NSData+Base64/NSData+Base64.m"; sourceTree = SOURCE_ROOT; };
		5FDB3A07170793B20049EBB5 /* libz.dylib */ = {isa = PBXFileReference; lastKnownFileType = "compiled.mach-o.dylib"; name = libz.dylib; path = usr/lib/libz.dylib; sourceTree = SDKROOT; };
		5FDB3A3A1707992B0049EBB5 /* MPManagedObject.h */ = {isa = PBXFileReference; fileEncoding = 4; lastKnownFileType = sourcecode.c.h; name = MPManagedObject.h; path = Sources/Model/MPManagedObject.h; sourceTree = "<group>"; };
		5FDB3A3B1707992B0049EBB5 /* MPManagedObject.m */ = {isa = PBXFileReference; fileEncoding = 4; lastKnownFileType = sourcecode.c.objc; name = MPManagedObject.m; path = Sources/Model/MPManagedObject.m; sourceTree = "<group>"; };
		5FDB3A3C1707992B0049EBB5 /* MPManagedObject+Mixin.h */ = {isa = PBXFileReference; fileEncoding = 4; lastKnownFileType = sourcecode.c.h; name = "MPManagedObject+Mixin.h"; path = "Sources/Model/MPManagedObject+Mixin.h"; sourceTree = "<group>"; };
		5FDB3A3D1707992B0049EBB5 /* MPManagedObject+Mixin.m */ = {isa = PBXFileReference; fileEncoding = 4; lastKnownFileType = sourcecode.c.objc; name = "MPManagedObject+Mixin.m"; path = "Sources/Model/MPManagedObject+Mixin.m"; sourceTree = "<group>"; };
		5FDB3A3E1707992B0049EBB5 /* MPManagedObject+Protected.h */ = {isa = PBXFileReference; fileEncoding = 4; lastKnownFileType = sourcecode.c.h; name = "MPManagedObject+Protected.h"; path = "Sources/Model/MPManagedObject+Protected.h"; sourceTree = "<group>"; };
		5FDB3A58170799B30049EBB5 /* MPManagedObjectsController.h */ = {isa = PBXFileReference; fileEncoding = 4; lastKnownFileType = sourcecode.c.h; name = MPManagedObjectsController.h; path = "Sources/Model Controllers/MPManagedObjectsController.h"; sourceTree = "<group>"; };
		5FDB3A59170799B30049EBB5 /* MPManagedObjectsController.m */ = {isa = PBXFileReference; fileEncoding = 4; lastKnownFileType = sourcecode.c.objc; name = MPManagedObjectsController.m; path = "Sources/Model Controllers/MPManagedObjectsController.m"; sourceTree = "<group>"; };
		5FDB3A5A170799B30049EBB5 /* MPManagedObjectsController+Protected.h */ = {isa = PBXFileReference; fileEncoding = 4; lastKnownFileType = sourcecode.c.h; name = "MPManagedObjectsController+Protected.h"; path = "Sources/Model Controllers/MPManagedObjectsController+Protected.h"; sourceTree = "<group>"; };
		5FDB3A6817079A750049EBB5 /* MPContributor.h */ = {isa = PBXFileReference; fileEncoding = 4; lastKnownFileType = sourcecode.c.h; name = MPContributor.h; path = Sources/Model/MPContributor.h; sourceTree = "<group>"; };
		5FDB3A6917079A750049EBB5 /* MPContributor.m */ = {isa = PBXFileReference; fileEncoding = 4; lastKnownFileType = sourcecode.c.objc; name = MPContributor.m; path = Sources/Model/MPContributor.m; sourceTree = "<group>"; };
		5FDB3A7017079ABB0049EBB5 /* MPSnapshotsController.h */ = {isa = PBXFileReference; fileEncoding = 4; lastKnownFileType = sourcecode.c.h; name = MPSnapshotsController.h; path = "Sources/Model Controllers/MPSnapshotsController.h"; sourceTree = "<group>"; };
		5FDB3A7117079ABB0049EBB5 /* MPSnapshotsController.m */ = {isa = PBXFileReference; fileEncoding = 4; lastKnownFileType = sourcecode.c.objc; name = MPSnapshotsController.m; path = "Sources/Model Controllers/MPSnapshotsController.m"; sourceTree = "<group>"; };
		5FDB3A7217079ABB0049EBB5 /* MPSnapshotsController+Protected.h */ = {isa = PBXFileReference; fileEncoding = 4; lastKnownFileType = sourcecode.c.h; name = "MPSnapshotsController+Protected.h"; path = "Sources/Model Controllers/MPSnapshotsController+Protected.h"; sourceTree = "<group>"; };
		5FDB3A7617079AEC0049EBB5 /* MPContributorsController.h */ = {isa = PBXFileReference; fileEncoding = 4; lastKnownFileType = sourcecode.c.h; name = MPContributorsController.h; path = "Sources/Model Controllers/MPContributorsController.h"; sourceTree = "<group>"; };
		5FDB3A7717079AEC0049EBB5 /* MPContributorsController.m */ = {isa = PBXFileReference; fileEncoding = 4; lastKnownFileType = sourcecode.c.objc; name = MPContributorsController.m; path = "Sources/Model Controllers/MPContributorsController.m"; sourceTree = "<group>"; };
		5FDB3A7A17079B1E0049EBB5 /* MPSnapshot.h */ = {isa = PBXFileReference; fileEncoding = 4; lastKnownFileType = sourcecode.c.h; name = MPSnapshot.h; path = Sources/Model/MPSnapshot.h; sourceTree = "<group>"; };
		5FDB3A7B17079B1E0049EBB5 /* MPSnapshot.m */ = {isa = PBXFileReference; fileEncoding = 4; lastKnownFileType = sourcecode.c.objc; name = MPSnapshot.m; path = Sources/Model/MPSnapshot.m; sourceTree = "<group>"; };
		5FDB3A7C17079B1E0049EBB5 /* MPSnapshot+Protected.h */ = {isa = PBXFileReference; fileEncoding = 4; lastKnownFileType = sourcecode.c.h; name = "MPSnapshot+Protected.h"; path = "Sources/Model/MPSnapshot+Protected.h"; sourceTree = "<group>"; };
		5FDB3A8517079C020049EBB5 /* MPException.h */ = {isa = PBXFileReference; fileEncoding = 4; lastKnownFileType = sourcecode.c.h; name = MPException.h; path = Sources/Utilities/MPException.h; sourceTree = "<group>"; };
		5FDB3A8617079C020049EBB5 /* MPException.m */ = {isa = PBXFileReference; fileEncoding = 4; lastKnownFileType = sourcecode.c.objc; name = MPException.m; path = Sources/Utilities/MPException.m; sourceTree = "<group>"; };
		5FDB3A8B17079DD10049EBB5 /* MPDatabase.h */ = {isa = PBXFileReference; fileEncoding = 4; lastKnownFileType = sourcecode.c.h; name = MPDatabase.h; path = "Sources/Database Packages/MPDatabase.h"; sourceTree = "<group>"; };
		5FDB3A8C17079DD10049EBB5 /* MPDatabase.m */ = {isa = PBXFileReference; fileEncoding = 4; lastKnownFileType = sourcecode.c.objc; name = MPDatabase.m; path = "Sources/Database Packages/MPDatabase.m"; sourceTree = "<group>"; };
		5FDB3A8D17079DD10049EBB5 /* MPDatabasePackageController.h */ = {isa = PBXFileReference; fileEncoding = 4; lastKnownFileType = sourcecode.c.h; name = MPDatabasePackageController.h; path = "Sources/Database Packages/MPDatabasePackageController.h"; sourceTree = "<group>"; };
		5FDB3A8E17079DD10049EBB5 /* MPDatabasePackageController.m */ = {isa = PBXFileReference; fileEncoding = 4; lastKnownFileType = sourcecode.c.objc; name = MPDatabasePackageController.m; path = "Sources/Database Packages/MPDatabasePackageController.m"; sourceTree = "<group>"; };
		5FDB3A8F17079DD10049EBB5 /* MPDatabasePackageController+Protected.h */ = {isa = PBXFileReference; fileEncoding = 4; lastKnownFileType = sourcecode.c.h; name = "MPDatabasePackageController+Protected.h"; path = "Sources/Database Packages/MPDatabasePackageController+Protected.h"; sourceTree = "<group>"; };
		5FDB3A9917079EA80049EBB5 /* NSNotificationCenter+ErrorNotification.h */ = {isa = PBXFileReference; fileEncoding = 4; lastKnownFileType = sourcecode.c.h; name = "NSNotificationCenter+ErrorNotification.h"; path = "Sources/Categories/NSNotificationCenter+ErrorNotification.h"; sourceTree = "<group>"; };
		5FDB3A9A17079EAB0049EBB5 /* NSNotificationCenter+ErrorNotification.m */ = {isa = PBXFileReference; fileEncoding = 4; lastKnownFileType = sourcecode.c.objc; name = "NSNotificationCenter+ErrorNotification.m"; path = "Sources/Categories/NSNotificationCenter+ErrorNotification.m"; sourceTree = "<group>"; };
		5FDB3A9D17079ED60049EBB5 /* MPShoeboxPackageController.h */ = {isa = PBXFileReference; fileEncoding = 4; lastKnownFileType = sourcecode.c.h; name = MPShoeboxPackageController.h; path = "Sources/Database Packages/MPShoeboxPackageController.h"; sourceTree = "<group>"; };
		5FDB3A9E17079ED70049EBB5 /* MPShoeboxPackageController.m */ = {isa = PBXFileReference; fileEncoding = 4; lastKnownFileType = sourcecode.c.objc; name = MPShoeboxPackageController.m; path = "Sources/Database Packages/MPShoeboxPackageController.m"; sourceTree = "<group>"; };
		5FDB3AA117079FB80049EBB5 /* MPTreeItem.h */ = {isa = PBXFileReference; lastKnownFileType = sourcecode.c.h; name = MPTreeItem.h; path = Sources/Model/MPTreeItem.h; sourceTree = "<group>"; };
		5FDCF2EC171045990039DAED /* MPFeatherTestClasses.h */ = {isa = PBXFileReference; fileEncoding = 4; lastKnownFileType = sourcecode.c.h; path = MPFeatherTestClasses.h; sourceTree = "<group>"; };
		5FDCF2ED171045990039DAED /* MPFeatherTestClasses.m */ = {isa = PBXFileReference; fileEncoding = 4; lastKnownFileType = sourcecode.c.objc; path = MPFeatherTestClasses.m; sourceTree = "<group>"; };
		5FDCF2F2171080AC0039DAED /* MPEmbeddedPropertyContainingMixin.h */ = {isa = PBXFileReference; fileEncoding = 4; lastKnownFileType = sourcecode.c.h; name = MPEmbeddedPropertyContainingMixin.h; path = Sources/Model/MPEmbeddedPropertyContainingMixin.h; sourceTree = "<group>"; };
		5FDCF2F3171080AC0039DAED /* MPEmbeddedPropertyContainingMixin.m */ = {isa = PBXFileReference; fileEncoding = 4; lastKnownFileType = sourcecode.c.objc; name = MPEmbeddedPropertyContainingMixin.m; path = Sources/Model/MPEmbeddedPropertyContainingMixin.m; sourceTree = "<group>"; };
		5FDCF34B1710CA600039DAED /* MPModelFoundationTests.h */ = {isa = PBXFileReference; fileEncoding = 4; lastKnownFileType = sourcecode.c.h; path = MPModelFoundationTests.h; sourceTree = "<group>"; };
		5FDCF34C1710CA600039DAED /* MPModelFoundationTests.m */ = {isa = PBXFileReference; fileEncoding = 4; lastKnownFileType = sourcecode.c.objc; path = MPModelFoundationTests.m; sourceTree = "<group>"; };
		D932296217268E37006880C2 /* NSTask+MPExtensions.h */ = {isa = PBXFileReference; fileEncoding = 4; lastKnownFileType = sourcecode.c.h; name = "NSTask+MPExtensions.h"; path = "Sources/Categories/NSTask+MPExtensions.h"; sourceTree = "<group>"; };
		D932296317268E37006880C2 /* NSTask+MPExtensions.m */ = {isa = PBXFileReference; fileEncoding = 4; lastKnownFileType = sourcecode.c.objc; name = "NSTask+MPExtensions.m"; path = "Sources/Categories/NSTask+MPExtensions.m"; sourceTree = "<group>"; };
/* End PBXFileReference section */

/* Begin PBXFrameworksBuildPhase section */
		5FDB32FF1705CB950049EBB5 /* Frameworks */ = {
			isa = PBXFrameworksBuildPhase;
			buildActionMask = 2147483647;
			files = (
				5FDB3A08170793B30049EBB5 /* libz.dylib in Frameworks */,
				5FDB33C31705CF260049EBB5 /* libcommonCrypto.dylib in Frameworks */,
				5FDB33D81705D1380049EBB5 /* libicucore.dylib in Frameworks */,
				5FDCF2F017104A8F0039DAED /* SenTestingKit.framework in Frameworks */,
				5F293BF8170DFD77001C2111 /* Security.framework in Frameworks */,
				5FDB39BE170761D00049EBB5 /* CouchCocoa.framework in Frameworks */,
				5FDB34A31705DCEC0049EBB5 /* TouchDBListener.framework in Frameworks */,
				5FDB33921705CCAF0049EBB5 /* TouchDB.framework in Frameworks */,
				5FDB33071705CB950049EBB5 /* Cocoa.framework in Frameworks */,
			);
			runOnlyForDeploymentPostprocessing = 0;
		};
		5FDB33171705CB950049EBB5 /* Frameworks */ = {
			isa = PBXFrameworksBuildPhase;
			buildActionMask = 2147483647;
			files = (
				5FDB331D1705CB950049EBB5 /* SenTestingKit.framework in Frameworks */,
				5FDB331E1705CB950049EBB5 /* Cocoa.framework in Frameworks */,
				5FDB33211705CB950049EBB5 /* Feather.framework in Frameworks */,
			);
			runOnlyForDeploymentPostprocessing = 0;
		};
/* End PBXFrameworksBuildPhase section */

/* Begin PBXGroup section */
		5F293BF2170DFD3A001C2111 /* UICKeyChainStore */ = {
			isa = PBXGroup;
			children = (
				5F293BF3170DFD4E001C2111 /* UICKeyChainStore.h */,
				5F293BF4170DFD4E001C2111 /* UICKeyChainStore.m */,
			);
			name = UICKeyChainStore;
			sourceTree = "<group>";
		};
		5FDB32F71705CB950049EBB5 = {
			isa = PBXGroup;
			children = (
				5FDB330C1705CB950049EBB5 /* Feather */,
				5FDB33221705CB950049EBB5 /* FeatherTests */,
				5FDB33051705CB950049EBB5 /* Frameworks */,
				5FDB33041705CB950049EBB5 /* Products */,
				5FDB399E170761B70049EBB5 /* CouchCocoa.xcodeproj */,
				5FDB335D1705CC960049EBB5 /* TouchDB.xcodeproj */,
			);
			sourceTree = "<group>";
		};
		5FDB33041705CB950049EBB5 /* Products */ = {
			isa = PBXGroup;
			children = (
				5FDB33031705CB950049EBB5 /* Feather.framework */,
				5FDB331B1705CB950049EBB5 /* FeatherTests.octest */,
			);
			name = Products;
			sourceTree = "<group>";
		};
		5FDB33051705CB950049EBB5 /* Frameworks */ = {
			isa = PBXGroup;
			children = (
				5FDB3A07170793B20049EBB5 /* libz.dylib */,
				5FDB33D71705D1380049EBB5 /* libicucore.dylib */,
				5FDB33C21705CF260049EBB5 /* libcommonCrypto.dylib */,
				5F293BF7170DFD77001C2111 /* Security.framework */,
				5FDB33061705CB950049EBB5 /* Cocoa.framework */,
				5FDB331C1705CB950049EBB5 /* SenTestingKit.framework */,
				5FDB33081705CB950049EBB5 /* Other Frameworks */,
			);
			name = Frameworks;
			sourceTree = "<group>";
		};
		5FDB33081705CB950049EBB5 /* Other Frameworks */ = {
			isa = PBXGroup;
			children = (
				5FDB33091705CB950049EBB5 /* AppKit.framework */,
				5FDB330A1705CB950049EBB5 /* CoreData.framework */,
				5FDB330B1705CB950049EBB5 /* Foundation.framework */,
			);
			name = "Other Frameworks";
			sourceTree = "<group>";
		};
		5FDB330C1705CB950049EBB5 /* Feather */ = {
			isa = PBXGroup;
			children = (
				5FDB33131705CB950049EBB5 /* Feather.h */,
				5FDB3A8217079B810049EBB5 /* Database Packages */,
				5FDB3A8117079B280049EBB5 /* Model Controllers */,
				5FDB3A8017079B220049EBB5 /* Models */,
				5FDB49811708CF9A00E82856 /* Mixins */,
				5FDB35CB1705FCBE0049EBB5 /* Cocoa Categories */,
				5FDB3A8417079BAC0049EBB5 /* Utilities */,
				5FDB33D61705D0F20049EBB5 /* External */,
				5FDB330D1705CB950049EBB5 /* Supporting Files */,
			);
			path = Feather;
			sourceTree = "<group>";
		};
		5FDB330D1705CB950049EBB5 /* Supporting Files */ = {
			isa = PBXGroup;
			children = (
				5FDB330E1705CB950049EBB5 /* Feather-Info.plist */,
				5FDB330F1705CB950049EBB5 /* InfoPlist.strings */,
				5FDB33121705CB950049EBB5 /* Feather-Prefix.pch */,
			);
			name = "Supporting Files";
			sourceTree = "<group>";
		};
		5FDB33221705CB950049EBB5 /* FeatherTests */ = {
			isa = PBXGroup;
			children = (
				5FDB33281705CB950049EBB5 /* MPFeatherTestSuite.h */,
				5FDB33291705CB950049EBB5 /* MPFeatherTestSuite.m */,
				5F293BFC170E191F001C2111 /* MPExtensionTests.h */,
				5F293BFD170E191F001C2111 /* MPExtensionTests.m */,
				5FDB33231705CB950049EBB5 /* Supporting Files */,
				5F293C05170E2980001C2111 /* MPEmbeddedObjectsTests.h */,
				5F293C06170E2980001C2111 /* MPEmbeddedObjectsTests.m */,
				5FDCF2EC171045990039DAED /* MPFeatherTestClasses.h */,
				5FDCF2ED171045990039DAED /* MPFeatherTestClasses.m */,
				5FDCF34B1710CA600039DAED /* MPModelFoundationTests.h */,
				5FDCF34C1710CA600039DAED /* MPModelFoundationTests.m */,
			);
			path = FeatherTests;
			sourceTree = "<group>";
		};
		5FDB33231705CB950049EBB5 /* Supporting Files */ = {
			isa = PBXGroup;
			children = (
				5FDB33241705CB950049EBB5 /* FeatherTests-Info.plist */,
				5FDB33251705CB950049EBB5 /* InfoPlist.strings */,
			);
			name = "Supporting Files";
			sourceTree = "<group>";
		};
		5FDB335E1705CC960049EBB5 /* Products */ = {
			isa = PBXGroup;
			children = (
				5FDB33771705CC960049EBB5 /* TouchDB.framework */,
				5FDB33791705CC960049EBB5 /* TouchDBListener.framework */,
				5FDB3925170713BD0049EBB5 /* TouchDBTests.octest */,
				5FDB337D1705CC960049EBB5 /* TouchDB Demo.app */,
				5FDB337F1705CC960049EBB5 /* TouchDB */,
				5FDB33811705CC960049EBB5 /* libTouchDB.a */,
				5FDB33831705CC960049EBB5 /* TouchDBiOSTests.octest */,
				5FDB33851705CC960049EBB5 /* TouchDB.framework */,
				5FDB33871705CC960049EBB5 /* TouchDB Demo.app */,
				5FDB33891705CC960049EBB5 /* TouchDB Empty App.app */,
				5FDB338B1705CC960049EBB5 /* libTouchDBListener.a */,
				5FDB338D1705CC960049EBB5 /* TouchDBListener.framework */,
				5FDB338F1705CC960049EBB5 /* TouchServ */,
			);
			name = Products;
			sourceTree = "<group>";
		};
		5FDB33D61705D0F20049EBB5 /* External */ = {
			isa = PBXGroup;
			children = (
				5F293BF2170DFD3A001C2111 /* UICKeyChainStore */,
				5FDB3A02170793130049EBB5 /* NSData+Base64 */,
				5FDB35CE1705FCFD0049EBB5 /* JSONKit */,
				5FDB35CD1705FCF30049EBB5 /* RegexKitLite */,
				5FDB35CC1705FCEA0049EBB5 /* ObjectiveMixin */,
			);
			name = External;
			sourceTree = "<group>";
		};
		5FDB35CB1705FCBE0049EBB5 /* Cocoa Categories */ = {
			isa = PBXGroup;
			children = (
				5F1850241711707800079040 /* MPExtensions.h */,
				5FDB382B170702CD0049EBB5 /* NSArray+MPExtensions.h */,
				5FDB382C170702CD0049EBB5 /* NSArray+MPExtensions.m */,
				5FCC021D170C14D80091BEAC /* NSArray+MPManagedObjectExtensions.h */,
				5FCC021E170C14D80091BEAC /* NSArray+MPManagedObjectExtensions.m */,
				5FDB3A9917079EA80049EBB5 /* NSNotificationCenter+ErrorNotification.h */,
				5FDB3A9A17079EAB0049EBB5 /* NSNotificationCenter+ErrorNotification.m */,
				5FDB382F170702F40049EBB5 /* NSDictionary+MPExtensions.h */,
				5FDB3830170702F40049EBB5 /* NSDictionary+MPExtensions.m */,
				5FDB3833170703510049EBB5 /* NSDictionary+MPManagedObjectExtensions.h */,
				5FDB3834170703510049EBB5 /* NSDictionary+MPManagedObjectExtensions.m */,
				5FDB3817170702470049EBB5 /* NSError+MPExtensions.h */,
				5FDB3818170702470049EBB5 /* NSError+MPExtensions.m */,
				5FDB381B170702650049EBB5 /* NSString+MPExtensions.h */,
				5FDB381C170702650049EBB5 /* NSString+MPExtensions.m */,
				5FDB381F1707027E0049EBB5 /* NSSet+MPExtensions.h */,
				5FDB38201707027E0049EBB5 /* NSSet+MPExtensions.m */,
				5FDB3823170702990049EBB5 /* NSBundle+MPExtensions.h */,
				5FDB3824170702990049EBB5 /* NSBundle+MPExtensions.m */,
				5FDB3827170702B50049EBB5 /* NSObject+MPExtensions.h */,
				5FDB3828170702B50049EBB5 /* NSObject+MPExtensions.m */,
				5FDB383F170703EC0049EBB5 /* NSNotificationCenter+MPExtensions.h */,
				5FDB3840170703EC0049EBB5 /* NSNotificationCenter+MPExtensions.m */,
				5FDB3837170703850049EBB5 /* NSFileManager+MPExtensions.h */,
				5FDB3838170703850049EBB5 /* NSFileManager+MPExtensions.m */,
				5FDB383B1707038F0049EBB5 /* NSData+MPExtensions.h */,
				5FDB383C1707038F0049EBB5 /* NSData+MPExtensions.m */,
				5F28A030170A3310000D61B6 /* NSApplication+MPExtensions.h */,
				5F28A031170A3310000D61B6 /* NSApplication+MPExtensions.m */,
				D932296217268E37006880C2 /* NSTask+MPExtensions.h */,
				D932296317268E37006880C2 /* NSTask+MPExtensions.m */,
			);
			name = "Cocoa Categories";
			sourceTree = "<group>";
		};
		5FDB35CC1705FCEA0049EBB5 /* ObjectiveMixin */ = {
			isa = PBXGroup;
			children = (
				5FDB34361705D90A0049EBB5 /* Mixin.h */,
				5FDB34371705D90A0049EBB5 /* Mixin.m */,
			);
			name = ObjectiveMixin;
			sourceTree = "<group>";
		};
		5FDB35CD1705FCF30049EBB5 /* RegexKitLite */ = {
			isa = PBXGroup;
			children = (
				5FDB33D21705D0D90049EBB5 /* RegexKitLite.h */,
				5FDB33D31705D0D90049EBB5 /* RegexKitLite.m */,
			);
			name = RegexKitLite;
			sourceTree = "<group>";
		};
		5FDB35CE1705FCFD0049EBB5 /* JSONKit */ = {
			isa = PBXGroup;
			children = (
				5FDB34521705DB570049EBB5 /* JSONKit.h */,
				5FDB34531705DB570049EBB5 /* JSONKit.m */,
			);
			name = JSONKit;
			sourceTree = "<group>";
		};
		5FDB399F170761B70049EBB5 /* Products */ = {
			isa = PBXGroup;
			children = (
				5FDB39AF170761B70049EBB5 /* CouchCocoa.framework */,
				5FDB39B1170761B70049EBB5 /* Mac Tests.octest */,
				5FDB39B3170761B70049EBB5 /* Addresses.app */,
				5FDB39B5170761B70049EBB5 /* Shopping.app */,
				5FDB39B7170761B70049EBB5 /* CouchCocoa.framework */,
				5FDB39B9170761B70049EBB5 /* libCouchCocoa.a */,
				5FDB39BB170761B70049EBB5 /* iOS Tests.octest */,
			);
			name = Products;
			sourceTree = "<group>";
		};
		5FDB3A02170793130049EBB5 /* NSData+Base64 */ = {
			isa = PBXGroup;
			children = (
				5FDB3A03170793550049EBB5 /* NSData+Base64.h */,
				5FDB3A04170793550049EBB5 /* NSData+Base64.m */,
			);
			name = "NSData+Base64";
			sourceTree = "<group>";
		};
		5FDB3A8017079B220049EBB5 /* Models */ = {
			isa = PBXGroup;
			children = (
				5FDB3A3A1707992B0049EBB5 /* MPManagedObject.h */,
				5FDB3A3B1707992B0049EBB5 /* MPManagedObject.m */,
				5F293B9E170CAECC001C2111 /* MPEmbeddedObject.h */,
				5F293B9F170CAECC001C2111 /* MPEmbeddedObject.m */,
				5F293C20170E45D4001C2111 /* MPEmbeddedObject+Protected.h */,
				5FDB3A3E1707992B0049EBB5 /* MPManagedObject+Protected.h */,
				5FDB3A7A17079B1E0049EBB5 /* MPSnapshot.h */,
				5FDB3A7B17079B1E0049EBB5 /* MPSnapshot.m */,
				5FDB3A7C17079B1E0049EBB5 /* MPSnapshot+Protected.h */,
				5FDB3A7017079ABB0049EBB5 /* MPSnapshotsController.h */,
				5FDB3A7117079ABB0049EBB5 /* MPSnapshotsController.m */,
				5FDB3A7217079ABB0049EBB5 /* MPSnapshotsController+Protected.h */,
				5FDB3A6817079A750049EBB5 /* MPContributor.h */,
				5FDB3A6917079A750049EBB5 /* MPContributor.m */,
				5F293C1E170E3B62001C2111 /* MPPlaceHolding.h */,
				5FDB3AA117079FB80049EBB5 /* MPTreeItem.h */,
			);
			name = Models;
			sourceTree = "<group>";
		};
		5FDB3A8117079B280049EBB5 /* Model Controllers */ = {
			isa = PBXGroup;
			children = (
				5FDB3A5A170799B30049EBB5 /* MPManagedObjectsController+Protected.h */,
				5FDB3A58170799B30049EBB5 /* MPManagedObjectsController.h */,
				5FDB3A59170799B30049EBB5 /* MPManagedObjectsController.m */,
				5FDB3A7617079AEC0049EBB5 /* MPContributorsController.h */,
				5FDB3A7717079AEC0049EBB5 /* MPContributorsController.m */,
			);
			name = "Model Controllers";
			sourceTree = "<group>";
		};
		5FDB3A8217079B810049EBB5 /* Database Packages */ = {
			isa = PBXGroup;
			children = (
				5FDB3A8B17079DD10049EBB5 /* MPDatabase.h */,
				5FDB3A8C17079DD10049EBB5 /* MPDatabase.m */,
				5FDB3A8D17079DD10049EBB5 /* MPDatabasePackageController.h */,
				5FDB3A8E17079DD10049EBB5 /* MPDatabasePackageController.m */,
				5FDB3A8F17079DD10049EBB5 /* MPDatabasePackageController+Protected.h */,
				5FDB3A9D17079ED60049EBB5 /* MPShoeboxPackageController.h */,
				5FDB3A9E17079ED70049EBB5 /* MPShoeboxPackageController.m */,
				5F73DEA6170C6B6700DC411A /* MPShoeboxPackageController+Protected.h */,
			);
			name = "Database Packages";
			sourceTree = "<group>";
		};
		5FDB3A8417079BAC0049EBB5 /* Utilities */ = {
			isa = PBXGroup;
			children = (
				5FDB3A8517079C020049EBB5 /* MPException.h */,
				5FDB3A8617079C020049EBB5 /* MPException.m */,
			);
			name = Utilities;
			sourceTree = "<group>";
		};
		5FDB49811708CF9A00E82856 /* Mixins */ = {
			isa = PBXGroup;
			children = (
				5F3D380C1725D8E000D19D7C /* MPBundlableMixin.h */,
				5F3D380D1725D8E000D19D7C /* MPBundlableMixin.m */,
				5F3D38081725D8A600D19D7C /* MPCategorizableMixin.h */,
				5F3D38091725D8A600D19D7C /* MPCategorizableMixin.m */,
				5FDB3A3C1707992B0049EBB5 /* MPManagedObject+Mixin.h */,
				5FDB3A3D1707992B0049EBB5 /* MPManagedObject+Mixin.m */,
				5F293B85170CAD53001C2111 /* MPCacheable.h */,
				5F293B99170CAD65001C2111 /* MPCacheableMixin.h */,
				5F293B9A170CAD65001C2111 /* MPCacheableMixin.m */,
				5FDCF2F2171080AC0039DAED /* MPEmbeddedPropertyContainingMixin.h */,
				5FDCF2F3171080AC0039DAED /* MPEmbeddedPropertyContainingMixin.m */,
			);
			name = Mixins;
			sourceTree = "<group>";
		};
/* End PBXGroup section */

/* Begin PBXHeadersBuildPhase section */
		5FDB33001705CB950049EBB5 /* Headers */ = {
			isa = PBXHeadersBuildPhase;
			buildActionMask = 2147483647;
			files = (
				5FDB3819170702470049EBB5 /* NSError+MPExtensions.h in Headers */,
				5FDB381D170702650049EBB5 /* NSString+MPExtensions.h in Headers */,
				5FDB38211707027E0049EBB5 /* NSSet+MPExtensions.h in Headers */,
				5FDB3825170702990049EBB5 /* NSBundle+MPExtensions.h in Headers */,
				5FDB3829170702B50049EBB5 /* NSObject+MPExtensions.h in Headers */,
				5FDB382D170702CD0049EBB5 /* NSArray+MPExtensions.h in Headers */,
				5FDB3831170702F40049EBB5 /* NSDictionary+MPExtensions.h in Headers */,
				5FDB3835170703510049EBB5 /* NSDictionary+MPManagedObjectExtensions.h in Headers */,
				5FDB3839170703850049EBB5 /* NSFileManager+MPExtensions.h in Headers */,
				5FDB383D1707038F0049EBB5 /* NSData+MPExtensions.h in Headers */,
				5FDB3841170703EC0049EBB5 /* NSNotificationCenter+MPExtensions.h in Headers */,
				5FDB3A3F1707992B0049EBB5 /* MPManagedObject.h in Headers */,
				5FDB3A411707992B0049EBB5 /* MPManagedObject+Mixin.h in Headers */,
				5FDB3A431707992B0049EBB5 /* MPManagedObject+Protected.h in Headers */,
				5FDB3A5B170799B30049EBB5 /* MPManagedObjectsController.h in Headers */,
				5FDB3A5D170799B30049EBB5 /* MPManagedObjectsController+Protected.h in Headers */,
				5FDB3A6A17079A750049EBB5 /* MPContributor.h in Headers */,
				5FDB3A7317079ABB0049EBB5 /* MPSnapshotsController.h in Headers */,
				5FDB3A7517079ABB0049EBB5 /* MPSnapshotsController+Protected.h in Headers */,
				5FDB3A7817079AEC0049EBB5 /* MPContributorsController.h in Headers */,
				5FDB3A7D17079B1E0049EBB5 /* MPSnapshot.h in Headers */,
				5FDB3A7F17079B1E0049EBB5 /* MPSnapshot+Protected.h in Headers */,
				5FDB3A8717079C020049EBB5 /* MPException.h in Headers */,
				5FDB3A9217079DD10049EBB5 /* MPDatabase.h in Headers */,
				5FDB3A9417079DD10049EBB5 /* MPDatabasePackageController.h in Headers */,
				5FDB3A9617079DD10049EBB5 /* MPDatabasePackageController+Protected.h in Headers */,
				5FDB3A9B17079EAE0049EBB5 /* NSNotificationCenter+ErrorNotification.h in Headers */,
				5FDB3A9F17079ED80049EBB5 /* MPShoeboxPackageController.h in Headers */,
				5FDB33D41705D0DA0049EBB5 /* RegexKitLite.h in Headers */,
				5FDB34381705D90A0049EBB5 /* Mixin.h in Headers */,
				5F28A032170A3310000D61B6 /* NSApplication+MPExtensions.h in Headers */,
				5FDB34541705DB570049EBB5 /* JSONKit.h in Headers */,
				5FDB3A05170793550049EBB5 /* NSData+Base64.h in Headers */,
				5FDB3AA81707A36D0049EBB5 /* Feather.h in Headers */,
				5FDB3AA91707ABBE0049EBB5 /* MPTreeItem.h in Headers */,
				5FCC021F170C14D80091BEAC /* NSArray+MPManagedObjectExtensions.h in Headers */,
				5F73DEA7170C6BA300DC411A /* MPShoeboxPackageController+Protected.h in Headers */,
				5F293B9B170CAD65001C2111 /* MPCacheableMixin.h in Headers */,
				5F293B9D170CAD8C001C2111 /* MPCacheable.h in Headers */,
				5F293BA0170CAECC001C2111 /* MPEmbeddedObject.h in Headers */,
				5F293BF5170DFD4E001C2111 /* UICKeyChainStore.h in Headers */,
				5F293C1F170E3B62001C2111 /* MPPlaceHolding.h in Headers */,
				5FDCF2D8171043A80039DAED /* MPFeatherTestSuite.h in Headers */,
				D932296417268E37006880C2 /* NSTask+MPExtensions.h in Headers */,
				5FDCF2F4171080AC0039DAED /* MPEmbeddedPropertyContainingMixin.h in Headers */,
				5F1850261711707800079040 /* MPExtensions.h in Headers */,
				5F18505E1711B13900079040 /* MPEmbeddedObject+Protected.h in Headers */,
				5F3D380A1725D8A600D19D7C /* MPCategorizableMixin.h in Headers */,
				5F3D380E1725D8E000D19D7C /* MPBundlableMixin.h in Headers */,
			);
			runOnlyForDeploymentPostprocessing = 0;
		};
/* End PBXHeadersBuildPhase section */

/* Begin PBXNativeTarget section */
		5FDB33021705CB950049EBB5 /* Feather */ = {
			isa = PBXNativeTarget;
			buildConfigurationList = 5FDB332D1705CB950049EBB5 /* Build configuration list for PBXNativeTarget "Feather" */;
			buildPhases = (
				5FDB32FE1705CB950049EBB5 /* Sources */,
				5FDB32FF1705CB950049EBB5 /* Frameworks */,
				5FDB33001705CB950049EBB5 /* Headers */,
				5FDB33011705CB950049EBB5 /* Resources */,
			);
			buildRules = (
			);
			dependencies = (
				5FDB39BD170761C10049EBB5 /* PBXTargetDependency */,
				5FDB34A21705DCE50049EBB5 /* PBXTargetDependency */,
				5FDB33911705CCAA0049EBB5 /* PBXTargetDependency */,
			);
			name = Feather;
			productName = Feather;
			productReference = 5FDB33031705CB950049EBB5 /* Feather.framework */;
			productType = "com.apple.product-type.framework";
		};
		5FDB331A1705CB950049EBB5 /* FeatherTests */ = {
			isa = PBXNativeTarget;
			buildConfigurationList = 5FDB33301705CB950049EBB5 /* Build configuration list for PBXNativeTarget "FeatherTests" */;
			buildPhases = (
				5FDB33161705CB950049EBB5 /* Sources */,
				5FDB33171705CB950049EBB5 /* Frameworks */,
				5FDB33181705CB950049EBB5 /* Resources */,
				5FDB33191705CB950049EBB5 /* ShellScript */,
			);
			buildRules = (
			);
			dependencies = (
				5FDB33201705CB950049EBB5 /* PBXTargetDependency */,
			);
			name = FeatherTests;
			productName = FeatherTests;
			productReference = 5FDB331B1705CB950049EBB5 /* FeatherTests.octest */;
			productType = "com.apple.product-type.bundle";
		};
/* End PBXNativeTarget section */

/* Begin PBXProject section */
		5FDB32F91705CB950049EBB5 /* Project object */ = {
			isa = PBXProject;
			attributes = {
				LastUpgradeCheck = 0450;
				ORGANIZATIONNAME = "Matias Piipari";
			};
			buildConfigurationList = 5FDB32FC1705CB950049EBB5 /* Build configuration list for PBXProject "Feather" */;
			compatibilityVersion = "Xcode 3.2";
			developmentRegion = English;
			hasScannedForEncodings = 0;
			knownRegions = (
				en,
			);
			mainGroup = 5FDB32F71705CB950049EBB5;
			productRefGroup = 5FDB33041705CB950049EBB5 /* Products */;
			projectDirPath = "";
			projectReferences = (
				{
					ProductGroup = 5FDB399F170761B70049EBB5 /* Products */;
					ProjectRef = 5FDB399E170761B70049EBB5 /* CouchCocoa.xcodeproj */;
				},
				{
					ProductGroup = 5FDB335E1705CC960049EBB5 /* Products */;
					ProjectRef = 5FDB335D1705CC960049EBB5 /* TouchDB.xcodeproj */;
				},
			);
			projectRoot = "";
			targets = (
				5FDB33021705CB950049EBB5 /* Feather */,
				5FDB331A1705CB950049EBB5 /* FeatherTests */,
			);
		};
/* End PBXProject section */

/* Begin PBXReferenceProxy section */
		5FDB33771705CC960049EBB5 /* TouchDB.framework */ = {
			isa = PBXReferenceProxy;
			fileType = wrapper.framework;
			path = TouchDB.framework;
			remoteRef = 5FDB33761705CC960049EBB5 /* PBXContainerItemProxy */;
			sourceTree = BUILT_PRODUCTS_DIR;
		};
		5FDB33791705CC960049EBB5 /* TouchDBListener.framework */ = {
			isa = PBXReferenceProxy;
			fileType = wrapper.framework;
			path = TouchDBListener.framework;
			remoteRef = 5FDB33781705CC960049EBB5 /* PBXContainerItemProxy */;
			sourceTree = BUILT_PRODUCTS_DIR;
		};
		5FDB337D1705CC960049EBB5 /* TouchDB Demo.app */ = {
			isa = PBXReferenceProxy;
			fileType = wrapper.application;
			path = "TouchDB Demo.app";
			remoteRef = 5FDB337C1705CC960049EBB5 /* PBXContainerItemProxy */;
			sourceTree = BUILT_PRODUCTS_DIR;
		};
		5FDB337F1705CC960049EBB5 /* TouchDB */ = {
			isa = PBXReferenceProxy;
			fileType = "compiled.mach-o.executable";
			path = TouchDB;
			remoteRef = 5FDB337E1705CC960049EBB5 /* PBXContainerItemProxy */;
			sourceTree = BUILT_PRODUCTS_DIR;
		};
		5FDB33811705CC960049EBB5 /* libTouchDB.a */ = {
			isa = PBXReferenceProxy;
			fileType = archive.ar;
			path = libTouchDB.a;
			remoteRef = 5FDB33801705CC960049EBB5 /* PBXContainerItemProxy */;
			sourceTree = BUILT_PRODUCTS_DIR;
		};
		5FDB33831705CC960049EBB5 /* TouchDBiOSTests.octest */ = {
			isa = PBXReferenceProxy;
			fileType = wrapper.cfbundle;
			path = TouchDBiOSTests.octest;
			remoteRef = 5FDB33821705CC960049EBB5 /* PBXContainerItemProxy */;
			sourceTree = BUILT_PRODUCTS_DIR;
		};
		5FDB33851705CC960049EBB5 /* TouchDB.framework */ = {
			isa = PBXReferenceProxy;
			fileType = wrapper.cfbundle;
			path = TouchDB.framework;
			remoteRef = 5FDB33841705CC960049EBB5 /* PBXContainerItemProxy */;
			sourceTree = BUILT_PRODUCTS_DIR;
		};
		5FDB33871705CC960049EBB5 /* TouchDB Demo.app */ = {
			isa = PBXReferenceProxy;
			fileType = wrapper.application;
			path = "TouchDB Demo.app";
			remoteRef = 5FDB33861705CC960049EBB5 /* PBXContainerItemProxy */;
			sourceTree = BUILT_PRODUCTS_DIR;
		};
		5FDB33891705CC960049EBB5 /* TouchDB Empty App.app */ = {
			isa = PBXReferenceProxy;
			fileType = wrapper.application;
			path = "TouchDB Empty App.app";
			remoteRef = 5FDB33881705CC960049EBB5 /* PBXContainerItemProxy */;
			sourceTree = BUILT_PRODUCTS_DIR;
		};
		5FDB338B1705CC960049EBB5 /* libTouchDBListener.a */ = {
			isa = PBXReferenceProxy;
			fileType = archive.ar;
			path = libTouchDBListener.a;
			remoteRef = 5FDB338A1705CC960049EBB5 /* PBXContainerItemProxy */;
			sourceTree = BUILT_PRODUCTS_DIR;
		};
		5FDB338D1705CC960049EBB5 /* TouchDBListener.framework */ = {
			isa = PBXReferenceProxy;
			fileType = wrapper.cfbundle;
			path = TouchDBListener.framework;
			remoteRef = 5FDB338C1705CC960049EBB5 /* PBXContainerItemProxy */;
			sourceTree = BUILT_PRODUCTS_DIR;
		};
		5FDB338F1705CC960049EBB5 /* TouchServ */ = {
			isa = PBXReferenceProxy;
			fileType = "compiled.mach-o.executable";
			path = TouchServ;
			remoteRef = 5FDB338E1705CC960049EBB5 /* PBXContainerItemProxy */;
			sourceTree = BUILT_PRODUCTS_DIR;
		};
		5FDB3925170713BD0049EBB5 /* TouchDBTests.octest */ = {
			isa = PBXReferenceProxy;
			fileType = wrapper.cfbundle;
			path = TouchDBTests.octest;
			remoteRef = 5FDB3924170713BD0049EBB5 /* PBXContainerItemProxy */;
			sourceTree = BUILT_PRODUCTS_DIR;
		};
		5FDB39AF170761B70049EBB5 /* CouchCocoa.framework */ = {
			isa = PBXReferenceProxy;
			fileType = wrapper.framework;
			path = CouchCocoa.framework;
			remoteRef = 5FDB39AE170761B70049EBB5 /* PBXContainerItemProxy */;
			sourceTree = BUILT_PRODUCTS_DIR;
		};
		5FDB39B1170761B70049EBB5 /* Mac Tests.octest */ = {
			isa = PBXReferenceProxy;
			fileType = wrapper.cfbundle;
			path = "Mac Tests.octest";
			remoteRef = 5FDB39B0170761B70049EBB5 /* PBXContainerItemProxy */;
			sourceTree = BUILT_PRODUCTS_DIR;
		};
		5FDB39B3170761B70049EBB5 /* Addresses.app */ = {
			isa = PBXReferenceProxy;
			fileType = wrapper.application;
			path = Addresses.app;
			remoteRef = 5FDB39B2170761B70049EBB5 /* PBXContainerItemProxy */;
			sourceTree = BUILT_PRODUCTS_DIR;
		};
		5FDB39B5170761B70049EBB5 /* Shopping.app */ = {
			isa = PBXReferenceProxy;
			fileType = wrapper.application;
			path = Shopping.app;
			remoteRef = 5FDB39B4170761B70049EBB5 /* PBXContainerItemProxy */;
			sourceTree = BUILT_PRODUCTS_DIR;
		};
		5FDB39B7170761B70049EBB5 /* CouchCocoa.framework */ = {
			isa = PBXReferenceProxy;
			fileType = wrapper.cfbundle;
			path = CouchCocoa.framework;
			remoteRef = 5FDB39B6170761B70049EBB5 /* PBXContainerItemProxy */;
			sourceTree = BUILT_PRODUCTS_DIR;
		};
		5FDB39B9170761B70049EBB5 /* libCouchCocoa.a */ = {
			isa = PBXReferenceProxy;
			fileType = archive.ar;
			path = libCouchCocoa.a;
			remoteRef = 5FDB39B8170761B70049EBB5 /* PBXContainerItemProxy */;
			sourceTree = BUILT_PRODUCTS_DIR;
		};
		5FDB39BB170761B70049EBB5 /* iOS Tests.octest */ = {
			isa = PBXReferenceProxy;
			fileType = wrapper.cfbundle;
			path = "iOS Tests.octest";
			remoteRef = 5FDB39BA170761B70049EBB5 /* PBXContainerItemProxy */;
			sourceTree = BUILT_PRODUCTS_DIR;
		};
/* End PBXReferenceProxy section */

/* Begin PBXResourcesBuildPhase section */
		5FDB33011705CB950049EBB5 /* Resources */ = {
			isa = PBXResourcesBuildPhase;
			buildActionMask = 2147483647;
			files = (
				5FDB33111705CB950049EBB5 /* InfoPlist.strings in Resources */,
			);
			runOnlyForDeploymentPostprocessing = 0;
		};
		5FDB33181705CB950049EBB5 /* Resources */ = {
			isa = PBXResourcesBuildPhase;
			buildActionMask = 2147483647;
			files = (
				5FDB33271705CB950049EBB5 /* InfoPlist.strings in Resources */,
			);
			runOnlyForDeploymentPostprocessing = 0;
		};
/* End PBXResourcesBuildPhase section */

/* Begin PBXShellScriptBuildPhase section */
		5FDB33191705CB950049EBB5 /* ShellScript */ = {
			isa = PBXShellScriptBuildPhase;
			buildActionMask = 2147483647;
			files = (
			);
			inputPaths = (
			);
			outputPaths = (
			);
			runOnlyForDeploymentPostprocessing = 0;
			shellPath = /bin/sh;
			shellScript = "# Run the unit tests in this test bundle.\n\"${SYSTEM_DEVELOPER_DIR}/Tools/RunUnitTests\"\n";
		};
/* End PBXShellScriptBuildPhase section */

/* Begin PBXSourcesBuildPhase section */
		5FDB32FE1705CB950049EBB5 /* Sources */ = {
			isa = PBXSourcesBuildPhase;
			buildActionMask = 2147483647;
			files = (
				5FDB33D51705D0DA0049EBB5 /* RegexKitLite.m in Sources */,
				5FDB34391705D90A0049EBB5 /* Mixin.m in Sources */,
				5FDB34551705DB570049EBB5 /* JSONKit.m in Sources */,
				5FDB381A170702470049EBB5 /* NSError+MPExtensions.m in Sources */,
				5FDB381E170702650049EBB5 /* NSString+MPExtensions.m in Sources */,
				5FDB38221707027E0049EBB5 /* NSSet+MPExtensions.m in Sources */,
				5FDB3826170702990049EBB5 /* NSBundle+MPExtensions.m in Sources */,
				5FDB382A170702B50049EBB5 /* NSObject+MPExtensions.m in Sources */,
				5FDB382E170702CD0049EBB5 /* NSArray+MPExtensions.m in Sources */,
				5FDB3832170702F40049EBB5 /* NSDictionary+MPExtensions.m in Sources */,
				5FDB3836170703510049EBB5 /* NSDictionary+MPManagedObjectExtensions.m in Sources */,
				5FDB383A170703850049EBB5 /* NSFileManager+MPExtensions.m in Sources */,
				5FDB383E1707038F0049EBB5 /* NSData+MPExtensions.m in Sources */,
				5FDB3842170703EC0049EBB5 /* NSNotificationCenter+MPExtensions.m in Sources */,
				5FDB3A06170793550049EBB5 /* NSData+Base64.m in Sources */,
				5FDB3A401707992B0049EBB5 /* MPManagedObject.m in Sources */,
				5FDB3A421707992B0049EBB5 /* MPManagedObject+Mixin.m in Sources */,
				5FDB3A5C170799B30049EBB5 /* MPManagedObjectsController.m in Sources */,
				5FDB3A6B17079A750049EBB5 /* MPContributor.m in Sources */,
				5FDB3A7417079ABB0049EBB5 /* MPSnapshotsController.m in Sources */,
				5FDB3A7917079AEC0049EBB5 /* MPContributorsController.m in Sources */,
				5FDB3A7E17079B1E0049EBB5 /* MPSnapshot.m in Sources */,
				5FDB3A8817079C020049EBB5 /* MPException.m in Sources */,
				5FDB3A9317079DD10049EBB5 /* MPDatabase.m in Sources */,
				5FDB3A9517079DD10049EBB5 /* MPDatabasePackageController.m in Sources */,
				5FDB3A9C17079EAE0049EBB5 /* NSNotificationCenter+ErrorNotification.m in Sources */,
				5FDB3AA017079ED80049EBB5 /* MPShoeboxPackageController.m in Sources */,
				5F28A033170A3310000D61B6 /* NSApplication+MPExtensions.m in Sources */,
				5FCC0220170C14D80091BEAC /* NSArray+MPManagedObjectExtensions.m in Sources */,
				5F293B9C170CAD65001C2111 /* MPCacheableMixin.m in Sources */,
				5F293BA1170CAECC001C2111 /* MPEmbeddedObject.m in Sources */,
				5F293BF6170DFD4E001C2111 /* UICKeyChainStore.m in Sources */,
				5FDCF2EF17104A710039DAED /* MPFeatherTestSuite.m in Sources */,
				5FDCF2F5171080AC0039DAED /* MPEmbeddedPropertyContainingMixin.m in Sources */,
				5F3D380B1725D8A600D19D7C /* MPCategorizableMixin.m in Sources */,
				5F3D380F1725D8E000D19D7C /* MPBundlableMixin.m in Sources */,
				D932296517268E37006880C2 /* NSTask+MPExtensions.m in Sources */,
			);
			runOnlyForDeploymentPostprocessing = 0;
		};
		5FDB33161705CB950049EBB5 /* Sources */ = {
			isa = PBXSourcesBuildPhase;
			buildActionMask = 2147483647;
			files = (
				5FDB332A1705CB950049EBB5 /* MPFeatherTestSuite.m in Sources */,
				5F293C00170E1935001C2111 /* MPExtensionTests.m in Sources */,
				5F293C07170E2980001C2111 /* MPEmbeddedObjectsTests.m in Sources */,
				5FDCF2EE171045990039DAED /* MPFeatherTestClasses.m in Sources */,
				5FDCF34D1710CA600039DAED /* MPModelFoundationTests.m in Sources */,
				D932296617268E37006880C2 /* NSTask+MPExtensions.m in Sources */,
			);
			runOnlyForDeploymentPostprocessing = 0;
		};
/* End PBXSourcesBuildPhase section */

/* Begin PBXTargetDependency section */
		5FDB33201705CB950049EBB5 /* PBXTargetDependency */ = {
			isa = PBXTargetDependency;
			target = 5FDB33021705CB950049EBB5 /* Feather */;
			targetProxy = 5FDB331F1705CB950049EBB5 /* PBXContainerItemProxy */;
		};
		5FDB33911705CCAA0049EBB5 /* PBXTargetDependency */ = {
			isa = PBXTargetDependency;
			name = TouchDB;
			targetProxy = 5FDB33901705CCAA0049EBB5 /* PBXContainerItemProxy */;
		};
		5FDB34A21705DCE50049EBB5 /* PBXTargetDependency */ = {
			isa = PBXTargetDependency;
			name = TouchDBListener;
			targetProxy = 5FDB34A11705DCE50049EBB5 /* PBXContainerItemProxy */;
		};
		5FDB39BD170761C10049EBB5 /* PBXTargetDependency */ = {
			isa = PBXTargetDependency;
			name = "Mac Framework";
			targetProxy = 5FDB39BC170761C10049EBB5 /* PBXContainerItemProxy */;
		};
/* End PBXTargetDependency section */

/* Begin PBXVariantGroup section */
		5FDB330F1705CB950049EBB5 /* InfoPlist.strings */ = {
			isa = PBXVariantGroup;
			children = (
				5FDB33101705CB950049EBB5 /* en */,
			);
			name = InfoPlist.strings;
			sourceTree = "<group>";
		};
		5FDB33251705CB950049EBB5 /* InfoPlist.strings */ = {
			isa = PBXVariantGroup;
			children = (
				5FDB33261705CB950049EBB5 /* en */,
			);
			name = InfoPlist.strings;
			sourceTree = "<group>";
		};
/* End PBXVariantGroup section */

/* Begin XCBuildConfiguration section */
		5FDB332B1705CB950049EBB5 /* Debug */ = {
			isa = XCBuildConfiguration;
			buildSettings = {
				ALWAYS_SEARCH_USER_PATHS = NO;
				ARCHS = "$(ARCHS_STANDARD_64_BIT)";
				CLANG_CXX_LANGUAGE_STANDARD = "gnu++0x";
				CLANG_CXX_LIBRARY = "libc++";
				CLANG_ENABLE_OBJC_ARC = YES;
				CLANG_WARN_EMPTY_BODY = YES;
				CLANG_WARN__DUPLICATE_METHOD_MATCH = YES;
				COPY_PHASE_STRIP = NO;
				GCC_C_LANGUAGE_STANDARD = gnu99;
				GCC_DYNAMIC_NO_PIC = NO;
				GCC_ENABLE_OBJC_EXCEPTIONS = YES;
				GCC_OPTIMIZATION_LEVEL = 0;
				GCC_PREPROCESSOR_DEFINITIONS = (
					"DEBUG=1",
					"$(inherited)",
				);
				GCC_SYMBOLS_PRIVATE_EXTERN = NO;
				GCC_WARN_64_TO_32_BIT_CONVERSION = YES;
				GCC_WARN_ABOUT_RETURN_TYPE = YES;
				GCC_WARN_UNINITIALIZED_AUTOS = YES;
				GCC_WARN_UNUSED_VARIABLE = YES;
				MACOSX_DEPLOYMENT_TARGET = 10.7;
				ONLY_ACTIVE_ARCH = YES;
				SDKROOT = macosx;
			};
			name = Debug;
		};
		5FDB332C1705CB950049EBB5 /* Release */ = {
			isa = XCBuildConfiguration;
			buildSettings = {
				ALWAYS_SEARCH_USER_PATHS = NO;
				ARCHS = "$(ARCHS_STANDARD_64_BIT)";
				CLANG_CXX_LANGUAGE_STANDARD = "gnu++0x";
				CLANG_CXX_LIBRARY = "libc++";
				CLANG_ENABLE_OBJC_ARC = YES;
				CLANG_WARN_EMPTY_BODY = YES;
				CLANG_WARN__DUPLICATE_METHOD_MATCH = YES;
				COPY_PHASE_STRIP = YES;
				DEBUG_INFORMATION_FORMAT = "dwarf-with-dsym";
				GCC_C_LANGUAGE_STANDARD = gnu99;
				GCC_ENABLE_OBJC_EXCEPTIONS = YES;
				GCC_WARN_64_TO_32_BIT_CONVERSION = YES;
				GCC_WARN_ABOUT_RETURN_TYPE = YES;
				GCC_WARN_UNINITIALIZED_AUTOS = YES;
				GCC_WARN_UNUSED_VARIABLE = YES;
				MACOSX_DEPLOYMENT_TARGET = 10.7;
				SDKROOT = macosx;
			};
			name = Release;
		};
		5FDB332E1705CB950049EBB5 /* Debug */ = {
			isa = XCBuildConfiguration;
			buildSettings = {
				COMBINE_HIDPI_IMAGES = YES;
				DYLIB_COMPATIBILITY_VERSION = 1;
				DYLIB_CURRENT_VERSION = 1;
				FRAMEWORK_SEARCH_PATHS = (
					"$(inherited)",
					"\"$(SYSTEM_APPS_DIR)/Xcode.app/Contents/Developer/Library/Frameworks\"",
				);
				FRAMEWORK_VERSION = A;
				GCC_PRECOMPILE_PREFIX_HEADER = YES;
				GCC_PREFIX_HEADER = "Feather/Feather-Prefix.pch";
				INFOPLIST_FILE = "Feather/Feather-Info.plist";
				LD_DYLIB_INSTALL_NAME = "@executable_path/../Frameworks/$(EXECUTABLE_PATH)";
				LIBRARY_SEARCH_PATHS = (
					"$(inherited)",
					"\"$(SDKROOT)/usr/lib/system\"",
				);
				MACOSX_DEPLOYMENT_TARGET = 10.8;
				PRODUCT_NAME = "$(TARGET_NAME)";
				WRAPPER_EXTENSION = framework;
			};
			name = Debug;
		};
		5FDB332F1705CB950049EBB5 /* Release */ = {
			isa = XCBuildConfiguration;
			buildSettings = {
				COMBINE_HIDPI_IMAGES = YES;
				DYLIB_COMPATIBILITY_VERSION = 1;
				DYLIB_CURRENT_VERSION = 1;
				FRAMEWORK_SEARCH_PATHS = (
					"$(inherited)",
					"\"$(SYSTEM_APPS_DIR)/Xcode.app/Contents/Developer/Library/Frameworks\"",
				);
				FRAMEWORK_VERSION = A;
				GCC_PRECOMPILE_PREFIX_HEADER = YES;
				GCC_PREFIX_HEADER = "Feather/Feather-Prefix.pch";
				INFOPLIST_FILE = "Feather/Feather-Info.plist";
				LD_DYLIB_INSTALL_NAME = "@executable_path/../Frameworks/$(EXECUTABLE_PATH)";
				LIBRARY_SEARCH_PATHS = (
					"$(inherited)",
					"\"$(SDKROOT)/usr/lib/system\"",
				);
				MACOSX_DEPLOYMENT_TARGET = 10.8;
				PRODUCT_NAME = "$(TARGET_NAME)";
				WRAPPER_EXTENSION = framework;
			};
			name = Release;
		};
		5FDB33311705CB950049EBB5 /* Debug */ = {
			isa = XCBuildConfiguration;
			buildSettings = {
				COMBINE_HIDPI_IMAGES = YES;
				FRAMEWORK_SEARCH_PATHS = "\"$(DEVELOPER_LIBRARY_DIR)/Frameworks\"";
				GCC_PRECOMPILE_PREFIX_HEADER = YES;
				GCC_PREFIX_HEADER = "Feather/Feather-Prefix.pch";
				INFOPLIST_FILE = "FeatherTests/FeatherTests-Info.plist";
				PRODUCT_NAME = "$(TARGET_NAME)";
				WRAPPER_EXTENSION = octest;
			};
			name = Debug;
		};
		5FDB33321705CB950049EBB5 /* Release */ = {
			isa = XCBuildConfiguration;
			buildSettings = {
				COMBINE_HIDPI_IMAGES = YES;
				FRAMEWORK_SEARCH_PATHS = "\"$(DEVELOPER_LIBRARY_DIR)/Frameworks\"";
				GCC_PRECOMPILE_PREFIX_HEADER = YES;
				GCC_PREFIX_HEADER = "Feather/Feather-Prefix.pch";
				INFOPLIST_FILE = "FeatherTests/FeatherTests-Info.plist";
				PRODUCT_NAME = "$(TARGET_NAME)";
				WRAPPER_EXTENSION = octest;
			};
			name = Release;
		};
/* End XCBuildConfiguration section */

/* Begin XCConfigurationList section */
		5FDB32FC1705CB950049EBB5 /* Build configuration list for PBXProject "Feather" */ = {
			isa = XCConfigurationList;
			buildConfigurations = (
				5FDB332B1705CB950049EBB5 /* Debug */,
				5FDB332C1705CB950049EBB5 /* Release */,
			);
			defaultConfigurationIsVisible = 0;
			defaultConfigurationName = Release;
		};
		5FDB332D1705CB950049EBB5 /* Build configuration list for PBXNativeTarget "Feather" */ = {
			isa = XCConfigurationList;
			buildConfigurations = (
				5FDB332E1705CB950049EBB5 /* Debug */,
				5FDB332F1705CB950049EBB5 /* Release */,
			);
			defaultConfigurationIsVisible = 0;
			defaultConfigurationName = Release;
		};
		5FDB33301705CB950049EBB5 /* Build configuration list for PBXNativeTarget "FeatherTests" */ = {
			isa = XCConfigurationList;
			buildConfigurations = (
				5FDB33311705CB950049EBB5 /* Debug */,
				5FDB33321705CB950049EBB5 /* Release */,
			);
			defaultConfigurationIsVisible = 0;
			defaultConfigurationName = Release;
		};
/* End XCConfigurationList section */
	};
	rootObject = 5FDB32F91705CB950049EBB5 /* Project object */;
}
